// !$*UTF8*$!
{
	archiveVersion = 1;
	classes = {
	};
	objectVersion = 46;
	objects = {

/* Begin PBXBuildFile section */
		7C4E9D931ACFF73C005D5258 /* Main.storyboard in Resources */ = {isa = PBXBuildFile; fileRef = 7C4E9D911ACFF73C005D5258 /* Main.storyboard */; };
		7CE3F46C1ACFDC7F008A3AA3 /* APRMainViewController.swift in Sources */ = {isa = PBXBuildFile; fileRef = 7CE3F46B1ACFDC7F008A3AA3 /* APRMainViewController.swift */; };
		953512AD1ACFC29B00B0B2C9 /* flow.xcdatamodeld in Sources */ = {isa = PBXBuildFile; fileRef = 953512AB1ACFC29B00B0B2C9 /* flow.xcdatamodeld */; };
		953512AF1ACFC29B00B0B2C9 /* Images.xcassets in Resources */ = {isa = PBXBuildFile; fileRef = 953512AE1ACFC29B00B0B2C9 /* Images.xcassets */; };
		953512BE1ACFC29C00B0B2C9 /* flowTests.m in Sources */ = {isa = PBXBuildFile; fileRef = 953512BD1ACFC29C00B0B2C9 /* flowTests.m */; };
		955B18B61ACFC31D00D0D8EA /* AppDelegate.m in Sources */ = {isa = PBXBuildFile; fileRef = 955B18B51ACFC31D00D0D8EA /* AppDelegate.m */; };
		956D046E1ACFC540009BC09C /* Setup.storyboard in Resources */ = {isa = PBXBuildFile; fileRef = 956D046A1ACFC540009BC09C /* Setup.storyboard */; };
		956D046F1ACFC540009BC09C /* (null) in Resources */ = {isa = PBXBuildFile; };
		958C8E301ACFEA88002EC76B /* FBSDKCoreKit.framework in Frameworks */ = {isa = PBXBuildFile; fileRef = 958C8E2D1ACFEA88002EC76B /* FBSDKCoreKit.framework */; };
		958C8E311ACFEA88002EC76B /* FBSDKLoginKit.framework in Frameworks */ = {isa = PBXBuildFile; fileRef = 958C8E2E1ACFEA88002EC76B /* FBSDKLoginKit.framework */; };
		958C8E321ACFEA88002EC76B /* FBSDKShareKit.framework in Frameworks */ = {isa = PBXBuildFile; fileRef = 958C8E2F1ACFEA88002EC76B /* FBSDKShareKit.framework */; };
		958C8E341ACFEA9B002EC76B /* Bolts.framework in Frameworks */ = {isa = PBXBuildFile; fileRef = 958C8E331ACFEA9B002EC76B /* Bolts.framework */; };
		959856E41AD0776800E1FE11 /* APRParseManager.swift in Sources */ = {isa = PBXBuildFile; fileRef = 959856E11AD0776800E1FE11 /* APRParseManager.swift */; };
		959856E51AD0776800E1FE11 /* APRState.swift in Sources */ = {isa = PBXBuildFile; fileRef = 959856E21AD0776800E1FE11 /* APRState.swift */; };
		959856E61AD0776800E1FE11 /* APRUser.swift in Sources */ = {isa = PBXBuildFile; fileRef = 959856E31AD0776800E1FE11 /* APRUser.swift */; };
		959856F01AD0780D00E1FE11 /* Parse.framework in Frameworks */ = {isa = PBXBuildFile; fileRef = 959856EB1AD0780D00E1FE11 /* Parse.framework */; };
		959856F11AD0780D00E1FE11 /* ParseCrashReporting.framework in Frameworks */ = {isa = PBXBuildFile; fileRef = 959856EC1AD0780D00E1FE11 /* ParseCrashReporting.framework */; };
		959856F21AD0780D00E1FE11 /* ParseFacebookUtils.framework in Frameworks */ = {isa = PBXBuildFile; fileRef = 959856ED1AD0780D00E1FE11 /* ParseFacebookUtils.framework */; };
		959856F31AD0780D00E1FE11 /* ParseFacebookUtilsV4.framework in Frameworks */ = {isa = PBXBuildFile; fileRef = 959856EE1AD0780D00E1FE11 /* ParseFacebookUtilsV4.framework */; };
		959856F41AD0780D00E1FE11 /* ParseUI.framework in Frameworks */ = {isa = PBXBuildFile; fileRef = 959856EF1AD0780D00E1FE11 /* ParseUI.framework */; };
		9598570F1AD0B4AC00E1FE11 /* Amazing Grotesk Book Italic.otf in Resources */ = {isa = PBXBuildFile; fileRef = 959856F81AD0B4AC00E1FE11 /* Amazing Grotesk Book Italic.otf */; };
		959857101AD0B4AC00E1FE11 /* Amazing Grotesk Book.otf in Resources */ = {isa = PBXBuildFile; fileRef = 959856F91AD0B4AC00E1FE11 /* Amazing Grotesk Book.otf */; };
		959857111AD0B4AC00E1FE11 /* Amazing Grotesk Demi Italic.otf in Resources */ = {isa = PBXBuildFile; fileRef = 959856FA1AD0B4AC00E1FE11 /* Amazing Grotesk Demi Italic.otf */; };
		959857121AD0B4AC00E1FE11 /* Amazing Grotesk Demi.otf in Resources */ = {isa = PBXBuildFile; fileRef = 959856FB1AD0B4AC00E1FE11 /* Amazing Grotesk Demi.otf */; };
		959857131AD0B4AC00E1FE11 /* Amazing Grotesk Light Italic.otf in Resources */ = {isa = PBXBuildFile; fileRef = 959856FC1AD0B4AC00E1FE11 /* Amazing Grotesk Light Italic.otf */; };
		959857141AD0B4AC00E1FE11 /* Amazing Grotesk Light.otf in Resources */ = {isa = PBXBuildFile; fileRef = 959856FD1AD0B4AC00E1FE11 /* Amazing Grotesk Light.otf */; };
		959857151AD0B4AC00E1FE11 /* Amazing Grotesk Ultra Italic.otf in Resources */ = {isa = PBXBuildFile; fileRef = 959856FE1AD0B4AC00E1FE11 /* Amazing Grotesk Ultra Italic.otf */; };
		959857161AD0B4AC00E1FE11 /* Amazing Grotesk Ultra.otf in Resources */ = {isa = PBXBuildFile; fileRef = 959856FF1AD0B4AC00E1FE11 /* Amazing Grotesk Ultra.otf */; };
		959857171AD0B4AC00E1FE11 /* license.pdf in Resources */ = {isa = PBXBuildFile; fileRef = 959857001AD0B4AC00E1FE11 /* license.pdf */; };
		959857181AD0B4AC00E1FE11 /* tweed.png in Resources */ = {isa = PBXBuildFile; fileRef = 959857031AD0B4AC00E1FE11 /* tweed.png */; };
		959857191AD0B4AC00E1FE11 /* tweed_@2X.png in Resources */ = {isa = PBXBuildFile; fileRef = 959857041AD0B4AC00E1FE11 /* tweed_@2X.png */; };
		9598571A1AD0B4AC00E1FE11 /* Facebook Login Button.idraw in Resources */ = {isa = PBXBuildFile; fileRef = 959857061AD0B4AC00E1FE11 /* Facebook Login Button.idraw */; };
		9598571B1AD0B4AC00E1FE11 /* FBLogin (Pressed).png in Resources */ = {isa = PBXBuildFile; fileRef = 959857071AD0B4AC00E1FE11 /* FBLogin (Pressed).png */; };
		9598571C1AD0B4AC00E1FE11 /* FBLogin.png in Resources */ = {isa = PBXBuildFile; fileRef = 959857081AD0B4AC00E1FE11 /* FBLogin.png */; };
		9598571D1AD0B4AC00E1FE11 /* Start Button.idraw in Resources */ = {isa = PBXBuildFile; fileRef = 959857091AD0B4AC00E1FE11 /* Start Button.idraw */; };
		9598571E1AD0B4AC00E1FE11 /* Start.png in Resources */ = {isa = PBXBuildFile; fileRef = 9598570A1AD0B4AC00E1FE11 /* Start.png */; };
		9598571F1AD0B4AC00E1FE11 /* Flow Circle.idraw in Resources */ = {isa = PBXBuildFile; fileRef = 9598570D1AD0B4AC00E1FE11 /* Flow Circle.idraw */; };
		959857201AD0B4AC00E1FE11 /* Flow Circle.png in Resources */ = {isa = PBXBuildFile; fileRef = 9598570E1AD0B4AC00E1FE11 /* Flow Circle.png */; };
		95F829FE1ACFC92500DC5864 /* APRLoginViewController.m in Sources */ = {isa = PBXBuildFile; fileRef = 95F829FD1ACFC92500DC5864 /* APRLoginViewController.m */; };
		95F82A101ACFCCC300DC5864 /* LaunchScreen.xib in Resources */ = {isa = PBXBuildFile; fileRef = 953512B01ACFC29B00B0B2C9 /* LaunchScreen.xib */; };
		95F82A141ACFCD0900DC5864 /* main.m in Sources */ = {isa = PBXBuildFile; fileRef = 95F82A121ACFCD0900DC5864 /* main.m */; };
		FA9DBD881ACFEBDF00806A2C /* AudioToolbox.framework in Frameworks */ = {isa = PBXBuildFile; fileRef = FA9DBD7D1ACFEBDF00806A2C /* AudioToolbox.framework */; };
		FA9DBD891ACFEBDF00806A2C /* CFNetwork.framework in Frameworks */ = {isa = PBXBuildFile; fileRef = FA9DBD7E1ACFEBDF00806A2C /* CFNetwork.framework */; };
		FA9DBD8A1ACFEBDF00806A2C /* CoreGraphics.framework in Frameworks */ = {isa = PBXBuildFile; fileRef = FA9DBD7F1ACFEBDF00806A2C /* CoreGraphics.framework */; };
		FA9DBD8B1ACFEBDF00806A2C /* CoreLocation.framework in Frameworks */ = {isa = PBXBuildFile; fileRef = FA9DBD801ACFEBDF00806A2C /* CoreLocation.framework */; };
		FA9DBD8C1ACFEBDF00806A2C /* libsqlite3.dylib in Frameworks */ = {isa = PBXBuildFile; fileRef = FA9DBD811ACFEBDF00806A2C /* libsqlite3.dylib */; };
		FA9DBD8D1ACFEBDF00806A2C /* libz.dylib in Frameworks */ = {isa = PBXBuildFile; fileRef = FA9DBD821ACFEBDF00806A2C /* libz.dylib */; };
		FA9DBD8E1ACFEBDF00806A2C /* MobileCoreServices.framework in Frameworks */ = {isa = PBXBuildFile; fileRef = FA9DBD831ACFEBDF00806A2C /* MobileCoreServices.framework */; };
		FA9DBD8F1ACFEBDF00806A2C /* QuartzCore.framework in Frameworks */ = {isa = PBXBuildFile; fileRef = FA9DBD841ACFEBDF00806A2C /* QuartzCore.framework */; };
		FA9DBD901ACFEBDF00806A2C /* Security.framework in Frameworks */ = {isa = PBXBuildFile; fileRef = FA9DBD851ACFEBDF00806A2C /* Security.framework */; };
		FA9DBD911ACFEBDF00806A2C /* StoreKit.framework in Frameworks */ = {isa = PBXBuildFile; fileRef = FA9DBD861ACFEBDF00806A2C /* StoreKit.framework */; };
		FA9DBD921ACFEBDF00806A2C /* SystemConfiguration.framework in Frameworks */ = {isa = PBXBuildFile; fileRef = FA9DBD871ACFEBDF00806A2C /* SystemConfiguration.framework */; };
/* End PBXBuildFile section */

/* Begin PBXContainerItemProxy section */
		953512B81ACFC29B00B0B2C9 /* PBXContainerItemProxy */ = {
			isa = PBXContainerItemProxy;
			containerPortal = 953512991ACFC29B00B0B2C9 /* Project object */;
			proxyType = 1;
			remoteGlobalIDString = 953512A01ACFC29B00B0B2C9;
			remoteInfo = flow;
		};
/* End PBXContainerItemProxy section */

/* Begin PBXFileReference section */
		7C4E9D921ACFF73C005D5258 /* Base */ = {isa = PBXFileReference; lastKnownFileType = file.storyboard; name = Base; path = flow/Base.lproj/Main.storyboard; sourceTree = "<group>"; };
		7CE3F46A1ACFDC7F008A3AA3 /* flow-Bridging-Header.h */ = {isa = PBXFileReference; lastKnownFileType = sourcecode.c.h; path = "flow-Bridging-Header.h"; sourceTree = "<group>"; };
		7CE3F46B1ACFDC7F008A3AA3 /* APRMainViewController.swift */ = {isa = PBXFileReference; fileEncoding = 4; lastKnownFileType = sourcecode.swift; name = APRMainViewController.swift; path = Classes/APRMainViewController.swift; sourceTree = "<group>"; };
		953512A11ACFC29B00B0B2C9 /* flow.app */ = {isa = PBXFileReference; explicitFileType = wrapper.application; includeInIndex = 0; path = flow.app; sourceTree = BUILT_PRODUCTS_DIR; };
		953512AC1ACFC29B00B0B2C9 /* flow.xcdatamodel */ = {isa = PBXFileReference; lastKnownFileType = wrapper.xcdatamodel; path = flow.xcdatamodel; sourceTree = "<group>"; };
		953512AE1ACFC29B00B0B2C9 /* Images.xcassets */ = {isa = PBXFileReference; lastKnownFileType = folder.assetcatalog; path = Images.xcassets; sourceTree = "<group>"; };
		953512B11ACFC29B00B0B2C9 /* Base */ = {isa = PBXFileReference; lastKnownFileType = file.xib; name = Base; path = Base.lproj/LaunchScreen.xib; sourceTree = "<group>"; };
		953512B71ACFC29B00B0B2C9 /* flowTests.xctest */ = {isa = PBXFileReference; explicitFileType = wrapper.cfbundle; includeInIndex = 0; path = flowTests.xctest; sourceTree = BUILT_PRODUCTS_DIR; };
		953512BC1ACFC29C00B0B2C9 /* Info.plist */ = {isa = PBXFileReference; lastKnownFileType = text.plist.xml; path = Info.plist; sourceTree = "<group>"; };
		953512BD1ACFC29C00B0B2C9 /* flowTests.m */ = {isa = PBXFileReference; lastKnownFileType = sourcecode.c.objc; path = flowTests.m; sourceTree = "<group>"; };
		955B18B41ACFC31D00D0D8EA /* AppDelegate.h */ = {isa = PBXFileReference; fileEncoding = 4; lastKnownFileType = sourcecode.c.h; name = AppDelegate.h; path = Classes/AppDelegate.h; sourceTree = "<group>"; };
		955B18B51ACFC31D00D0D8EA /* AppDelegate.m */ = {isa = PBXFileReference; fileEncoding = 4; lastKnownFileType = sourcecode.c.objc; name = AppDelegate.m; path = Classes/AppDelegate.m; sourceTree = "<group>"; };
		956D046B1ACFC540009BC09C /* Base */ = {isa = PBXFileReference; lastKnownFileType = file.storyboard; name = Base; path = Base.lproj/Setup.storyboard; sourceTree = "<group>"; };
		958C8E2D1ACFEA88002EC76B /* FBSDKCoreKit.framework */ = {isa = PBXFileReference; lastKnownFileType = wrapper.framework; path = FBSDKCoreKit.framework; sourceTree = "<group>"; };
		958C8E2E1ACFEA88002EC76B /* FBSDKLoginKit.framework */ = {isa = PBXFileReference; lastKnownFileType = wrapper.framework; path = FBSDKLoginKit.framework; sourceTree = "<group>"; };
		958C8E2F1ACFEA88002EC76B /* FBSDKShareKit.framework */ = {isa = PBXFileReference; lastKnownFileType = wrapper.framework; path = FBSDKShareKit.framework; sourceTree = "<group>"; };
		958C8E331ACFEA9B002EC76B /* Bolts.framework */ = {isa = PBXFileReference; lastKnownFileType = wrapper.framework; path = Bolts.framework; sourceTree = "<group>"; };
		959856E11AD0776800E1FE11 /* APRParseManager.swift */ = {isa = PBXFileReference; fileEncoding = 4; lastKnownFileType = sourcecode.swift; name = APRParseManager.swift; path = Classes/APRParseManager.swift; sourceTree = "<group>"; };
		959856E21AD0776800E1FE11 /* APRState.swift */ = {isa = PBXFileReference; fileEncoding = 4; lastKnownFileType = sourcecode.swift; name = APRState.swift; path = Classes/APRState.swift; sourceTree = "<group>"; };
		959856E31AD0776800E1FE11 /* APRUser.swift */ = {isa = PBXFileReference; fileEncoding = 4; lastKnownFileType = sourcecode.swift; name = APRUser.swift; path = Classes/APRUser.swift; sourceTree = "<group>"; };
		959856EB1AD0780D00E1FE11 /* Parse.framework */ = {isa = PBXFileReference; lastKnownFileType = wrapper.framework; path = Parse.framework; sourceTree = "<group>"; };
		959856EC1AD0780D00E1FE11 /* ParseCrashReporting.framework */ = {isa = PBXFileReference; lastKnownFileType = wrapper.framework; path = ParseCrashReporting.framework; sourceTree = "<group>"; };
		959856ED1AD0780D00E1FE11 /* ParseFacebookUtils.framework */ = {isa = PBXFileReference; lastKnownFileType = wrapper.framework; path = ParseFacebookUtils.framework; sourceTree = "<group>"; };
		959856EE1AD0780D00E1FE11 /* ParseFacebookUtilsV4.framework */ = {isa = PBXFileReference; lastKnownFileType = wrapper.framework; path = ParseFacebookUtilsV4.framework; sourceTree = "<group>"; };
		959856EF1AD0780D00E1FE11 /* ParseUI.framework */ = {isa = PBXFileReference; lastKnownFileType = wrapper.framework; path = ParseUI.framework; sourceTree = "<group>"; };
		959856F81AD0B4AC00E1FE11 /* Amazing Grotesk Book Italic.otf */ = {isa = PBXFileReference; lastKnownFileType = file; path = "Amazing Grotesk Book Italic.otf"; sourceTree = "<group>"; };
		959856F91AD0B4AC00E1FE11 /* Amazing Grotesk Book.otf */ = {isa = PBXFileReference; lastKnownFileType = file; path = "Amazing Grotesk Book.otf"; sourceTree = "<group>"; };
		959856FA1AD0B4AC00E1FE11 /* Amazing Grotesk Demi Italic.otf */ = {isa = PBXFileReference; lastKnownFileType = file; path = "Amazing Grotesk Demi Italic.otf"; sourceTree = "<group>"; };
		959856FB1AD0B4AC00E1FE11 /* Amazing Grotesk Demi.otf */ = {isa = PBXFileReference; lastKnownFileType = file; path = "Amazing Grotesk Demi.otf"; sourceTree = "<group>"; };
		959856FC1AD0B4AC00E1FE11 /* Amazing Grotesk Light Italic.otf */ = {isa = PBXFileReference; lastKnownFileType = file; path = "Amazing Grotesk Light Italic.otf"; sourceTree = "<group>"; };
		959856FD1AD0B4AC00E1FE11 /* Amazing Grotesk Light.otf */ = {isa = PBXFileReference; lastKnownFileType = file; path = "Amazing Grotesk Light.otf"; sourceTree = "<group>"; };
		959856FE1AD0B4AC00E1FE11 /* Amazing Grotesk Ultra Italic.otf */ = {isa = PBXFileReference; lastKnownFileType = file; path = "Amazing Grotesk Ultra Italic.otf"; sourceTree = "<group>"; };
		959856FF1AD0B4AC00E1FE11 /* Amazing Grotesk Ultra.otf */ = {isa = PBXFileReference; lastKnownFileType = file; path = "Amazing Grotesk Ultra.otf"; sourceTree = "<group>"; };
		959857001AD0B4AC00E1FE11 /* license.pdf */ = {isa = PBXFileReference; lastKnownFileType = image.pdf; path = license.pdf; sourceTree = "<group>"; };
		959857031AD0B4AC00E1FE11 /* tweed.png */ = {isa = PBXFileReference; lastKnownFileType = image.png; path = tweed.png; sourceTree = "<group>"; };
		959857041AD0B4AC00E1FE11 /* tweed_@2X.png */ = {isa = PBXFileReference; lastKnownFileType = image.png; path = "tweed_@2X.png"; sourceTree = "<group>"; };
		959857061AD0B4AC00E1FE11 /* Facebook Login Button.idraw */ = {isa = PBXFileReference; lastKnownFileType = file; path = "Facebook Login Button.idraw"; sourceTree = "<group>"; };
		959857071AD0B4AC00E1FE11 /* FBLogin (Pressed).png */ = {isa = PBXFileReference; lastKnownFileType = image.png; path = "FBLogin (Pressed).png"; sourceTree = "<group>"; };
		959857081AD0B4AC00E1FE11 /* FBLogin.png */ = {isa = PBXFileReference; lastKnownFileType = image.png; path = FBLogin.png; sourceTree = "<group>"; };
		959857091AD0B4AC00E1FE11 /* Start Button.idraw */ = {isa = PBXFileReference; lastKnownFileType = file; path = "Start Button.idraw"; sourceTree = "<group>"; };
		9598570A1AD0B4AC00E1FE11 /* Start.png */ = {isa = PBXFileReference; lastKnownFileType = image.png; path = Start.png; sourceTree = "<group>"; };
		9598570D1AD0B4AC00E1FE11 /* Flow Circle.idraw */ = {isa = PBXFileReference; lastKnownFileType = file; path = "Flow Circle.idraw"; sourceTree = "<group>"; };
		9598570E1AD0B4AC00E1FE11 /* Flow Circle.png */ = {isa = PBXFileReference; lastKnownFileType = image.png; path = "Flow Circle.png"; sourceTree = "<group>"; };
		95F829FC1ACFC92500DC5864 /* APRLoginViewController.h */ = {isa = PBXFileReference; fileEncoding = 4; lastKnownFileType = sourcecode.c.h; name = APRLoginViewController.h; path = Classes/APRLoginViewController.h; sourceTree = "<group>"; };
		95F829FD1ACFC92500DC5864 /* APRLoginViewController.m */ = {isa = PBXFileReference; fileEncoding = 4; lastKnownFileType = sourcecode.c.objc; name = APRLoginViewController.m; path = Classes/APRLoginViewController.m; sourceTree = "<group>"; };
		95F82A111ACFCD0900DC5864 /* Info.plist */ = {isa = PBXFileReference; fileEncoding = 4; lastKnownFileType = text.plist.xml; path = Info.plist; sourceTree = "<group>"; };
		95F82A121ACFCD0900DC5864 /* main.m */ = {isa = PBXFileReference; fileEncoding = 4; lastKnownFileType = sourcecode.c.objc; path = main.m; sourceTree = "<group>"; };
		FA9DBD7D1ACFEBDF00806A2C /* AudioToolbox.framework */ = {isa = PBXFileReference; lastKnownFileType = wrapper.framework; name = AudioToolbox.framework; path = System/Library/Frameworks/AudioToolbox.framework; sourceTree = SDKROOT; };
		FA9DBD7E1ACFEBDF00806A2C /* CFNetwork.framework */ = {isa = PBXFileReference; lastKnownFileType = wrapper.framework; name = CFNetwork.framework; path = System/Library/Frameworks/CFNetwork.framework; sourceTree = SDKROOT; };
		FA9DBD7F1ACFEBDF00806A2C /* CoreGraphics.framework */ = {isa = PBXFileReference; lastKnownFileType = wrapper.framework; name = CoreGraphics.framework; path = System/Library/Frameworks/CoreGraphics.framework; sourceTree = SDKROOT; };
		FA9DBD801ACFEBDF00806A2C /* CoreLocation.framework */ = {isa = PBXFileReference; lastKnownFileType = wrapper.framework; name = CoreLocation.framework; path = System/Library/Frameworks/CoreLocation.framework; sourceTree = SDKROOT; };
		FA9DBD811ACFEBDF00806A2C /* libsqlite3.dylib */ = {isa = PBXFileReference; lastKnownFileType = "compiled.mach-o.dylib"; name = libsqlite3.dylib; path = usr/lib/libsqlite3.dylib; sourceTree = SDKROOT; };
		FA9DBD821ACFEBDF00806A2C /* libz.dylib */ = {isa = PBXFileReference; lastKnownFileType = "compiled.mach-o.dylib"; name = libz.dylib; path = usr/lib/libz.dylib; sourceTree = SDKROOT; };
		FA9DBD831ACFEBDF00806A2C /* MobileCoreServices.framework */ = {isa = PBXFileReference; lastKnownFileType = wrapper.framework; name = MobileCoreServices.framework; path = System/Library/Frameworks/MobileCoreServices.framework; sourceTree = SDKROOT; };
		FA9DBD841ACFEBDF00806A2C /* QuartzCore.framework */ = {isa = PBXFileReference; lastKnownFileType = wrapper.framework; name = QuartzCore.framework; path = System/Library/Frameworks/QuartzCore.framework; sourceTree = SDKROOT; };
		FA9DBD851ACFEBDF00806A2C /* Security.framework */ = {isa = PBXFileReference; lastKnownFileType = wrapper.framework; name = Security.framework; path = System/Library/Frameworks/Security.framework; sourceTree = SDKROOT; };
		FA9DBD861ACFEBDF00806A2C /* StoreKit.framework */ = {isa = PBXFileReference; lastKnownFileType = wrapper.framework; name = StoreKit.framework; path = System/Library/Frameworks/StoreKit.framework; sourceTree = SDKROOT; };
		FA9DBD871ACFEBDF00806A2C /* SystemConfiguration.framework */ = {isa = PBXFileReference; lastKnownFileType = wrapper.framework; name = SystemConfiguration.framework; path = System/Library/Frameworks/SystemConfiguration.framework; sourceTree = SDKROOT; };
/* End PBXFileReference section */

/* Begin PBXFrameworksBuildPhase section */
		9535129E1ACFC29B00B0B2C9 /* Frameworks */ = {
			isa = PBXFrameworksBuildPhase;
			buildActionMask = 2147483647;
			files = (
				958C8E311ACFEA88002EC76B /* FBSDKLoginKit.framework in Frameworks */,
				958C8E301ACFEA88002EC76B /* FBSDKCoreKit.framework in Frameworks */,
				958C8E321ACFEA88002EC76B /* FBSDKShareKit.framework in Frameworks */,
				958C8E341ACFEA9B002EC76B /* Bolts.framework in Frameworks */,
				FA9DBD881ACFEBDF00806A2C /* AudioToolbox.framework in Frameworks */,
				FA9DBD891ACFEBDF00806A2C /* CFNetwork.framework in Frameworks */,
				959856F01AD0780D00E1FE11 /* Parse.framework in Frameworks */,
				FA9DBD8A1ACFEBDF00806A2C /* CoreGraphics.framework in Frameworks */,
				FA9DBD8B1ACFEBDF00806A2C /* CoreLocation.framework in Frameworks */,
				FA9DBD8C1ACFEBDF00806A2C /* libsqlite3.dylib in Frameworks */,
				FA9DBD8D1ACFEBDF00806A2C /* libz.dylib in Frameworks */,
				FA9DBD8E1ACFEBDF00806A2C /* MobileCoreServices.framework in Frameworks */,
				959856F41AD0780D00E1FE11 /* ParseUI.framework in Frameworks */,
				FA9DBD8F1ACFEBDF00806A2C /* QuartzCore.framework in Frameworks */,
				FA9DBD901ACFEBDF00806A2C /* Security.framework in Frameworks */,
				959856F21AD0780D00E1FE11 /* ParseFacebookUtils.framework in Frameworks */,
				FA9DBD911ACFEBDF00806A2C /* StoreKit.framework in Frameworks */,
				FA9DBD921ACFEBDF00806A2C /* SystemConfiguration.framework in Frameworks */,
				959856F11AD0780D00E1FE11 /* ParseCrashReporting.framework in Frameworks */,
				959856F31AD0780D00E1FE11 /* ParseFacebookUtilsV4.framework in Frameworks */,
			);
			runOnlyForDeploymentPostprocessing = 0;
		};
		953512B41ACFC29B00B0B2C9 /* Frameworks */ = {
			isa = PBXFrameworksBuildPhase;
			buildActionMask = 2147483647;
			files = (
			);
			runOnlyForDeploymentPostprocessing = 0;
		};
/* End PBXFrameworksBuildPhase section */

/* Begin PBXGroup section */
		953512981ACFC29B00B0B2C9 = {
			isa = PBXGroup;
			children = (
				953512A31ACFC29B00B0B2C9 /* flow */,
				953512BA1ACFC29B00B0B2C9 /* flowTests */,
				953512A21ACFC29B00B0B2C9 /* Products */,
				7CE3F46A1ACFDC7F008A3AA3 /* flow-Bridging-Header.h */,
			);
			sourceTree = "<group>";
		};
		953512A21ACFC29B00B0B2C9 /* Products */ = {
			isa = PBXGroup;
			children = (
				953512A11ACFC29B00B0B2C9 /* flow.app */,
				953512B71ACFC29B00B0B2C9 /* flowTests.xctest */,
			);
			name = Products;
			sourceTree = "<group>";
		};
		953512A31ACFC29B00B0B2C9 /* flow */ = {
			isa = PBXGroup;
			children = (
				958C8E2C1ACFEA88002EC76B /* Frameworks */,
				953512AB1ACFC29B00B0B2C9 /* flow.xcdatamodeld */,
				955B18B21ACFC2D400D0D8EA /* Views */,
				955B18B11ACFC2C900D0D8EA /* Classes */,
				953512AE1ACFC29B00B0B2C9 /* Images.xcassets */,
				953512A41ACFC29B00B0B2C9 /* Supporting Files */,
				959856F51AD0B4AC00E1FE11 /* Resources */,
			);
			path = flow;
			sourceTree = "<group>";
		};
		953512A41ACFC29B00B0B2C9 /* Supporting Files */ = {
			isa = PBXGroup;
			children = (
				95F82A111ACFCD0900DC5864 /* Info.plist */,
				95F82A121ACFCD0900DC5864 /* main.m */,
			);
			name = "Supporting Files";
			sourceTree = "<group>";
		};
		953512BA1ACFC29B00B0B2C9 /* flowTests */ = {
			isa = PBXGroup;
			children = (
				953512BD1ACFC29C00B0B2C9 /* flowTests.m */,
				953512BB1ACFC29C00B0B2C9 /* Supporting Files */,
			);
			path = flowTests;
			sourceTree = "<group>";
		};
		953512BB1ACFC29C00B0B2C9 /* Supporting Files */ = {
			isa = PBXGroup;
			children = (
				953512BC1ACFC29C00B0B2C9 /* Info.plist */,
			);
			name = "Supporting Files";
			sourceTree = "<group>";
		};
		955B18B11ACFC2C900D0D8EA /* Classes */ = {
			isa = PBXGroup;
			children = (
				955B18B41ACFC31D00D0D8EA /* AppDelegate.h */,
				955B18B51ACFC31D00D0D8EA /* AppDelegate.m */,
				959856E71AD0777200E1FE11 /* Model */,
				959856E81AD0779700E1FE11 /* Utils */,
				959856E91AD077B400E1FE11 /* SetupVC */,
				959856EA1AD077DB00E1FE11 /* MainVC */,
			);
			name = Classes;
			sourceTree = "<group>";
		};
		955B18B21ACFC2D400D0D8EA /* Views */ = {
			isa = PBXGroup;
			children = (
				7C4E9D911ACFF73C005D5258 /* Main.storyboard */,
				953512B01ACFC29B00B0B2C9 /* LaunchScreen.xib */,
				956D046A1ACFC540009BC09C /* Setup.storyboard */,
			);
			name = Views;
			sourceTree = "<group>";
		};
		958C8E2C1ACFEA88002EC76B /* Frameworks */ = {
			isa = PBXGroup;
			children = (
				FA9DBD7D1ACFEBDF00806A2C /* AudioToolbox.framework */,
				FA9DBD801ACFEBDF00806A2C /* CoreLocation.framework */,
				FA9DBD811ACFEBDF00806A2C /* libsqlite3.dylib */,
				FA9DBD821ACFEBDF00806A2C /* libz.dylib */,
				FA9DBD831ACFEBDF00806A2C /* MobileCoreServices.framework */,
				FA9DBD841ACFEBDF00806A2C /* QuartzCore.framework */,
				FA9DBD851ACFEBDF00806A2C /* Security.framework */,
				FA9DBD861ACFEBDF00806A2C /* StoreKit.framework */,
				959856EB1AD0780D00E1FE11 /* Parse.framework */,
				959856EC1AD0780D00E1FE11 /* ParseCrashReporting.framework */,
				959856ED1AD0780D00E1FE11 /* ParseFacebookUtils.framework */,
				959856EE1AD0780D00E1FE11 /* ParseFacebookUtilsV4.framework */,
				959856EF1AD0780D00E1FE11 /* ParseUI.framework */,
				FA9DBD7E1ACFEBDF00806A2C /* CFNetwork.framework */,
				FA9DBD7F1ACFEBDF00806A2C /* CoreGraphics.framework */,
				FA9DBD871ACFEBDF00806A2C /* SystemConfiguration.framework */,
				958C8E331ACFEA9B002EC76B /* Bolts.framework */,
				958C8E2D1ACFEA88002EC76B /* FBSDKCoreKit.framework */,
				958C8E2E1ACFEA88002EC76B /* FBSDKLoginKit.framework */,
				958C8E2F1ACFEA88002EC76B /* FBSDKShareKit.framework */,
			);
			path = Frameworks;
			sourceTree = "<group>";
		};
		959856E71AD0777200E1FE11 /* Model */ = {
			isa = PBXGroup;
			children = (
				959856E21AD0776800E1FE11 /* APRState.swift */,
				959856E31AD0776800E1FE11 /* APRUser.swift */,
			);
			name = Model;
			sourceTree = "<group>";
		};
		959856E81AD0779700E1FE11 /* Utils */ = {
			isa = PBXGroup;
			children = (
				959856E11AD0776800E1FE11 /* APRParseManager.swift */,
			);
			name = Utils;
			sourceTree = "<group>";
		};
		959856E91AD077B400E1FE11 /* SetupVC */ = {
			isa = PBXGroup;
			children = (
				95F829FC1ACFC92500DC5864 /* APRLoginViewController.h */,
				95F829FD1ACFC92500DC5864 /* APRLoginViewController.m */,
			);
			name = SetupVC;
			sourceTree = "<group>";
		};
		959856EA1AD077DB00E1FE11 /* MainVC */ = {
			isa = PBXGroup;
			children = (
				7CE3F46B1ACFDC7F008A3AA3 /* APRMainViewController.swift */,
			);
			name = MainVC;
			sourceTree = "<group>";
		};
		959856F51AD0B4AC00E1FE11 /* Resources */ = {
			isa = PBXGroup;
			children = (
				959856F61AD0B4AC00E1FE11 /* Fonts */,
				959857011AD0B4AC00E1FE11 /* Images */,
			);
			path = Resources;
			sourceTree = "<group>";
		};
		959856F61AD0B4AC00E1FE11 /* Fonts */ = {
			isa = PBXGroup;
			children = (
				959856F71AD0B4AC00E1FE11 /* Amazing Grotesk */,
			);
			path = Fonts;
			sourceTree = "<group>";
		};
		959856F71AD0B4AC00E1FE11 /* Amazing Grotesk */ = {
			isa = PBXGroup;
			children = (
				959856F81AD0B4AC00E1FE11 /* Amazing Grotesk Book Italic.otf */,
				959856F91AD0B4AC00E1FE11 /* Amazing Grotesk Book.otf */,
				959856FA1AD0B4AC00E1FE11 /* Amazing Grotesk Demi Italic.otf */,
				959856FB1AD0B4AC00E1FE11 /* Amazing Grotesk Demi.otf */,
				959856FC1AD0B4AC00E1FE11 /* Amazing Grotesk Light Italic.otf */,
				959856FD1AD0B4AC00E1FE11 /* Amazing Grotesk Light.otf */,
				959856FE1AD0B4AC00E1FE11 /* Amazing Grotesk Ultra Italic.otf */,
				959856FF1AD0B4AC00E1FE11 /* Amazing Grotesk Ultra.otf */,
				959857001AD0B4AC00E1FE11 /* license.pdf */,
			);
			path = "Amazing Grotesk";
			sourceTree = "<group>";
		};
		959857011AD0B4AC00E1FE11 /* Images */ = {
			isa = PBXGroup;
			children = (
				959857021AD0B4AC00E1FE11 /* Backgrounds */,
				959857051AD0B4AC00E1FE11 /* Buttons */,
				9598570B1AD0B4AC00E1FE11 /* Icons */,
				9598570C1AD0B4AC00E1FE11 /* Logos */,
			);
			path = Images;
			sourceTree = "<group>";
		};
		959857021AD0B4AC00E1FE11 /* Backgrounds */ = {
			isa = PBXGroup;
			children = (
				959857031AD0B4AC00E1FE11 /* tweed.png */,
				959857041AD0B4AC00E1FE11 /* tweed_@2X.png */,
			);
			path = Backgrounds;
			sourceTree = "<group>";
		};
		959857051AD0B4AC00E1FE11 /* Buttons */ = {
			isa = PBXGroup;
			children = (
				959857061AD0B4AC00E1FE11 /* Facebook Login Button.idraw */,
				959857071AD0B4AC00E1FE11 /* FBLogin (Pressed).png */,
				959857081AD0B4AC00E1FE11 /* FBLogin.png */,
				959857091AD0B4AC00E1FE11 /* Start Button.idraw */,
				9598570A1AD0B4AC00E1FE11 /* Start.png */,
			);
			path = Buttons;
			sourceTree = "<group>";
		};
		9598570B1AD0B4AC00E1FE11 /* Icons */ = {
			isa = PBXGroup;
			children = (
			);
			path = Icons;
			sourceTree = "<group>";
		};
		9598570C1AD0B4AC00E1FE11 /* Logos */ = {
			isa = PBXGroup;
			children = (
				9598570D1AD0B4AC00E1FE11 /* Flow Circle.idraw */,
				9598570E1AD0B4AC00E1FE11 /* Flow Circle.png */,
			);
			path = Logos;
			sourceTree = "<group>";
		};
/* End PBXGroup section */

/* Begin PBXNativeTarget section */
		953512A01ACFC29B00B0B2C9 /* flow */ = {
			isa = PBXNativeTarget;
			buildConfigurationList = 953512C11ACFC29C00B0B2C9 /* Build configuration list for PBXNativeTarget "flow" */;
			buildPhases = (
				9535129D1ACFC29B00B0B2C9 /* Sources */,
				9535129E1ACFC29B00B0B2C9 /* Frameworks */,
				9535129F1ACFC29B00B0B2C9 /* Resources */,
			);
			buildRules = (
			);
			dependencies = (
			);
			name = flow;
			productName = flow;
			productReference = 953512A11ACFC29B00B0B2C9 /* flow.app */;
			productType = "com.apple.product-type.application";
		};
		953512B61ACFC29B00B0B2C9 /* flowTests */ = {
			isa = PBXNativeTarget;
			buildConfigurationList = 953512C41ACFC29C00B0B2C9 /* Build configuration list for PBXNativeTarget "flowTests" */;
			buildPhases = (
				953512B31ACFC29B00B0B2C9 /* Sources */,
				953512B41ACFC29B00B0B2C9 /* Frameworks */,
				953512B51ACFC29B00B0B2C9 /* Resources */,
			);
			buildRules = (
			);
			dependencies = (
				953512B91ACFC29B00B0B2C9 /* PBXTargetDependency */,
			);
			name = flowTests;
			productName = flowTests;
			productReference = 953512B71ACFC29B00B0B2C9 /* flowTests.xctest */;
			productType = "com.apple.product-type.bundle.unit-test";
		};
/* End PBXNativeTarget section */

/* Begin PBXProject section */
		953512991ACFC29B00B0B2C9 /* Project object */ = {
			isa = PBXProject;
			attributes = {
				LastUpgradeCheck = 0620;
				ORGANIZATIONNAME = AprilStudios;
				TargetAttributes = {
					953512A01ACFC29B00B0B2C9 = {
						CreatedOnToolsVersion = 6.2;
						DevelopmentTeam = P25BA56T67;
					};
					953512B61ACFC29B00B0B2C9 = {
						CreatedOnToolsVersion = 6.2;
						TestTargetID = 953512A01ACFC29B00B0B2C9;
					};
				};
			};
			buildConfigurationList = 9535129C1ACFC29B00B0B2C9 /* Build configuration list for PBXProject "flow" */;
			compatibilityVersion = "Xcode 3.2";
			developmentRegion = English;
			hasScannedForEncodings = 0;
			knownRegions = (
				en,
				Base,
			);
			mainGroup = 953512981ACFC29B00B0B2C9;
			productRefGroup = 953512A21ACFC29B00B0B2C9 /* Products */;
			projectDirPath = "";
			projectRoot = "";
			targets = (
				953512A01ACFC29B00B0B2C9 /* flow */,
				953512B61ACFC29B00B0B2C9 /* flowTests */,
			);
		};
/* End PBXProject section */

/* Begin PBXResourcesBuildPhase section */
		9535129F1ACFC29B00B0B2C9 /* Resources */ = {
			isa = PBXResourcesBuildPhase;
			buildActionMask = 2147483647;
			files = (
				95F82A101ACFCCC300DC5864 /* LaunchScreen.xib in Resources */,
				959857111AD0B4AC00E1FE11 /* Amazing Grotesk Demi Italic.otf in Resources */,
				9598571E1AD0B4AC00E1FE11 /* Start.png in Resources */,
				959857191AD0B4AC00E1FE11 /* tweed_@2X.png in Resources */,
				959857151AD0B4AC00E1FE11 /* Amazing Grotesk Ultra Italic.otf in Resources */,
				9598570F1AD0B4AC00E1FE11 /* Amazing Grotesk Book Italic.otf in Resources */,
				959857171AD0B4AC00E1FE11 /* license.pdf in Resources */,
				959857101AD0B4AC00E1FE11 /* Amazing Grotesk Book.otf in Resources */,
				9598571F1AD0B4AC00E1FE11 /* Flow Circle.idraw in Resources */,
				959857201AD0B4AC00E1FE11 /* Flow Circle.png in Resources */,
				7C4E9D931ACFF73C005D5258 /* Main.storyboard in Resources */,
				959857141AD0B4AC00E1FE11 /* Amazing Grotesk Light.otf in Resources */,
				9598571D1AD0B4AC00E1FE11 /* Start Button.idraw in Resources */,
				953512AF1ACFC29B00B0B2C9 /* Images.xcassets in Resources */,
				959857121AD0B4AC00E1FE11 /* Amazing Grotesk Demi.otf in Resources */,
				9598571A1AD0B4AC00E1FE11 /* Facebook Login Button.idraw in Resources */,
				956D046E1ACFC540009BC09C /* Setup.storyboard in Resources */,
				9598571C1AD0B4AC00E1FE11 /* FBLogin.png in Resources */,
				959857181AD0B4AC00E1FE11 /* tweed.png in Resources */,
				9598571B1AD0B4AC00E1FE11 /* FBLogin (Pressed).png in Resources */,
				959857161AD0B4AC00E1FE11 /* Amazing Grotesk Ultra.otf in Resources */,
				959857131AD0B4AC00E1FE11 /* Amazing Grotesk Light Italic.otf in Resources */,
				956D046F1ACFC540009BC09C /* (null) in Resources */,
			);
			runOnlyForDeploymentPostprocessing = 0;
		};
		953512B51ACFC29B00B0B2C9 /* Resources */ = {
			isa = PBXResourcesBuildPhase;
			buildActionMask = 2147483647;
			files = (
			);
			runOnlyForDeploymentPostprocessing = 0;
		};
/* End PBXResourcesBuildPhase section */

/* Begin PBXSourcesBuildPhase section */
		9535129D1ACFC29B00B0B2C9 /* Sources */ = {
			isa = PBXSourcesBuildPhase;
			buildActionMask = 2147483647;
			files = (
				953512AD1ACFC29B00B0B2C9 /* flow.xcdatamodeld in Sources */,
				959856E41AD0776800E1FE11 /* APRParseManager.swift in Sources */,
				95F829FE1ACFC92500DC5864 /* APRLoginViewController.m in Sources */,
				95F82A141ACFCD0900DC5864 /* main.m in Sources */,
				7CE3F46C1ACFDC7F008A3AA3 /* APRMainViewController.swift in Sources */,
				959856E51AD0776800E1FE11 /* APRState.swift in Sources */,
				959856E61AD0776800E1FE11 /* APRUser.swift in Sources */,
				955B18B61ACFC31D00D0D8EA /* AppDelegate.m in Sources */,
			);
			runOnlyForDeploymentPostprocessing = 0;
		};
		953512B31ACFC29B00B0B2C9 /* Sources */ = {
			isa = PBXSourcesBuildPhase;
			buildActionMask = 2147483647;
			files = (
				953512BE1ACFC29C00B0B2C9 /* flowTests.m in Sources */,
			);
			runOnlyForDeploymentPostprocessing = 0;
		};
/* End PBXSourcesBuildPhase section */

/* Begin PBXTargetDependency section */
		953512B91ACFC29B00B0B2C9 /* PBXTargetDependency */ = {
			isa = PBXTargetDependency;
			target = 953512A01ACFC29B00B0B2C9 /* flow */;
			targetProxy = 953512B81ACFC29B00B0B2C9 /* PBXContainerItemProxy */;
		};
/* End PBXTargetDependency section */

/* Begin PBXVariantGroup section */
		7C4E9D911ACFF73C005D5258 /* Main.storyboard */ = {
			isa = PBXVariantGroup;
			children = (
				7C4E9D921ACFF73C005D5258 /* Base */,
			);
			name = Main.storyboard;
			path = ..;
			sourceTree = "<group>";
		};
		953512B01ACFC29B00B0B2C9 /* LaunchScreen.xib */ = {
			isa = PBXVariantGroup;
			children = (
				953512B11ACFC29B00B0B2C9 /* Base */,
			);
			name = LaunchScreen.xib;
			sourceTree = "<group>";
		};
		956D046A1ACFC540009BC09C /* Setup.storyboard */ = {
			isa = PBXVariantGroup;
			children = (
				956D046B1ACFC540009BC09C /* Base */,
			);
			name = Setup.storyboard;
			sourceTree = "<group>";
		};
/* End PBXVariantGroup section */

/* Begin XCBuildConfiguration section */
		953512BF1ACFC29C00B0B2C9 /* Debug */ = {
			isa = XCBuildConfiguration;
			buildSettings = {
				ALWAYS_SEARCH_USER_PATHS = NO;
				CLANG_CXX_LANGUAGE_STANDARD = "gnu++0x";
				CLANG_CXX_LIBRARY = "libc++";
				CLANG_ENABLE_MODULES = YES;
				CLANG_ENABLE_OBJC_ARC = YES;
				CLANG_WARN_BOOL_CONVERSION = YES;
				CLANG_WARN_CONSTANT_CONVERSION = YES;
				CLANG_WARN_DIRECT_OBJC_ISA_USAGE = YES_ERROR;
				CLANG_WARN_EMPTY_BODY = YES;
				CLANG_WARN_ENUM_CONVERSION = YES;
				CLANG_WARN_INT_CONVERSION = YES;
				CLANG_WARN_OBJC_ROOT_CLASS = YES_ERROR;
				CLANG_WARN_UNREACHABLE_CODE = YES;
				CLANG_WARN__DUPLICATE_METHOD_MATCH = YES;
				"CODE_SIGN_IDENTITY[sdk=iphoneos*]" = "iPhone Developer";
				COPY_PHASE_STRIP = NO;
				DEFINES_MODULE = YES;
				ENABLE_STRICT_OBJC_MSGSEND = YES;
				GCC_C_LANGUAGE_STANDARD = gnu99;
				GCC_DYNAMIC_NO_PIC = NO;
				GCC_OPTIMIZATION_LEVEL = 0;
				GCC_PREPROCESSOR_DEFINITIONS = (
					"DEBUG=1",
					"$(inherited)",
				);
				GCC_SYMBOLS_PRIVATE_EXTERN = NO;
				GCC_WARN_64_TO_32_BIT_CONVERSION = YES;
				GCC_WARN_ABOUT_RETURN_TYPE = YES_ERROR;
				GCC_WARN_UNDECLARED_SELECTOR = YES;
				GCC_WARN_UNINITIALIZED_AUTOS = YES_AGGRESSIVE;
				GCC_WARN_UNUSED_FUNCTION = YES;
				GCC_WARN_UNUSED_VARIABLE = YES;
				IPHONEOS_DEPLOYMENT_TARGET = 8.2;
				MTL_ENABLE_DEBUG_INFO = YES;
				ONLY_ACTIVE_ARCH = YES;
				SDKROOT = iphoneos;
			};
			name = Debug;
		};
		953512C01ACFC29C00B0B2C9 /* Release */ = {
			isa = XCBuildConfiguration;
			buildSettings = {
				ALWAYS_SEARCH_USER_PATHS = NO;
				CLANG_CXX_LANGUAGE_STANDARD = "gnu++0x";
				CLANG_CXX_LIBRARY = "libc++";
				CLANG_ENABLE_MODULES = YES;
				CLANG_ENABLE_OBJC_ARC = YES;
				CLANG_WARN_BOOL_CONVERSION = YES;
				CLANG_WARN_CONSTANT_CONVERSION = YES;
				CLANG_WARN_DIRECT_OBJC_ISA_USAGE = YES_ERROR;
				CLANG_WARN_EMPTY_BODY = YES;
				CLANG_WARN_ENUM_CONVERSION = YES;
				CLANG_WARN_INT_CONVERSION = YES;
				CLANG_WARN_OBJC_ROOT_CLASS = YES_ERROR;
				CLANG_WARN_UNREACHABLE_CODE = YES;
				CLANG_WARN__DUPLICATE_METHOD_MATCH = YES;
				"CODE_SIGN_IDENTITY[sdk=iphoneos*]" = "iPhone Developer";
				COPY_PHASE_STRIP = NO;
				DEFINES_MODULE = YES;
				ENABLE_NS_ASSERTIONS = NO;
				ENABLE_STRICT_OBJC_MSGSEND = YES;
				GCC_C_LANGUAGE_STANDARD = gnu99;
				GCC_WARN_64_TO_32_BIT_CONVERSION = YES;
				GCC_WARN_ABOUT_RETURN_TYPE = YES_ERROR;
				GCC_WARN_UNDECLARED_SELECTOR = YES;
				GCC_WARN_UNINITIALIZED_AUTOS = YES_AGGRESSIVE;
				GCC_WARN_UNUSED_FUNCTION = YES;
				GCC_WARN_UNUSED_VARIABLE = YES;
				IPHONEOS_DEPLOYMENT_TARGET = 8.2;
				MTL_ENABLE_DEBUG_INFO = NO;
				SDKROOT = iphoneos;
				VALIDATE_PRODUCT = YES;
			};
			name = Release;
		};
		953512C21ACFC29C00B0B2C9 /* Debug */ = {
			isa = XCBuildConfiguration;
			buildSettings = {
				ASSETCATALOG_COMPILER_APPICON_NAME = AppIcon;
				CLANG_ALLOW_NON_MODULAR_INCLUDES_IN_FRAMEWORK_MODULES = YES;
				CLANG_ENABLE_MODULES = YES;
				CODE_SIGN_IDENTITY = "iPhone Developer";
				FRAMEWORK_SEARCH_PATHS = (
					"$(inherited)",
					"$(PROJECT_DIR)/flow",
					"$(PROJECT_DIR)/flow/Frameworks",
				);
				INFOPLIST_FILE = flow/Info.plist;
				IPHONEOS_DEPLOYMENT_TARGET = 8.2;
				LD_RUNPATH_SEARCH_PATHS = "$(inherited) @executable_path/Frameworks";
				PRODUCT_NAME = "$(TARGET_NAME)";
				SWIFT_OBJC_BRIDGING_HEADER = "flow-Bridging-Header.h";
				SWIFT_OPTIMIZATION_LEVEL = "-Onone";
			};
			name = Debug;
		};
		953512C31ACFC29C00B0B2C9 /* Release */ = {
			isa = XCBuildConfiguration;
			buildSettings = {
				ASSETCATALOG_COMPILER_APPICON_NAME = AppIcon;
				CLANG_ALLOW_NON_MODULAR_INCLUDES_IN_FRAMEWORK_MODULES = YES;
				CLANG_ENABLE_MODULES = YES;
				CODE_SIGN_IDENTITY = "iPhone Developer";
				FRAMEWORK_SEARCH_PATHS = (
					"$(inherited)",
					"$(PROJECT_DIR)/flow",
					"$(PROJECT_DIR)/flow/Frameworks",
				);
				INFOPLIST_FILE = flow/Info.plist;
				IPHONEOS_DEPLOYMENT_TARGET = 8.2;
				LD_RUNPATH_SEARCH_PATHS = "$(inherited) @executable_path/Frameworks";
				PRODUCT_NAME = "$(TARGET_NAME)";
				SWIFT_OBJC_BRIDGING_HEADER = "flow-Bridging-Header.h";
			};
			name = Release;
		};
		953512C51ACFC29C00B0B2C9 /* Debug */ = {
			isa = XCBuildConfiguration;
			buildSettings = {
				BUNDLE_LOADER = "$(TEST_HOST)";
				FRAMEWORK_SEARCH_PATHS = (
					"$(SDKROOT)/Developer/Library/Frameworks",
					"$(inherited)",
				);
				GCC_PREPROCESSOR_DEFINITIONS = (
					"DEBUG=1",
					"$(inherited)",
				);
				INFOPLIST_FILE = flowTests/Info.plist;
				LD_RUNPATH_SEARCH_PATHS = "$(inherited) @executable_path/Frameworks @loader_path/Frameworks";
				PRODUCT_NAME = "$(TARGET_NAME)";
				TEST_HOST = "$(BUILT_PRODUCTS_DIR)/flow.app/flow";
			};
			name = Debug;
		};
		953512C61ACFC29C00B0B2C9 /* Release */ = {
			isa = XCBuildConfiguration;
			buildSettings = {
				BUNDLE_LOADER = "$(TEST_HOST)";
				FRAMEWORK_SEARCH_PATHS = (
					"$(SDKROOT)/Developer/Library/Frameworks",
					"$(inherited)",
				);
				INFOPLIST_FILE = flowTests/Info.plist;
				LD_RUNPATH_SEARCH_PATHS = "$(inherited) @executable_path/Frameworks @loader_path/Frameworks";
				PRODUCT_NAME = "$(TARGET_NAME)";
				TEST_HOST = "$(BUILT_PRODUCTS_DIR)/flow.app/flow";
			};
			name = Release;
		};
/* End XCBuildConfiguration section */

/* Begin XCConfigurationList section */
		9535129C1ACFC29B00B0B2C9 /* Build configuration list for PBXProject "flow" */ = {
			isa = XCConfigurationList;
			buildConfigurations = (
				953512BF1ACFC29C00B0B2C9 /* Debug */,
				953512C01ACFC29C00B0B2C9 /* Release */,
			);
			defaultConfigurationIsVisible = 0;
			defaultConfigurationName = Release;
		};
		953512C11ACFC29C00B0B2C9 /* Build configuration list for PBXNativeTarget "flow" */ = {
			isa = XCConfigurationList;
			buildConfigurations = (
				953512C21ACFC29C00B0B2C9 /* Debug */,
				953512C31ACFC29C00B0B2C9 /* Release */,
			);
			defaultConfigurationIsVisible = 0;
			defaultConfigurationName = Release;
		};
		953512C41ACFC29C00B0B2C9 /* Build configuration list for PBXNativeTarget "flowTests" */ = {
			isa = XCConfigurationList;
			buildConfigurations = (
				953512C51ACFC29C00B0B2C9 /* Debug */,
				953512C61ACFC29C00B0B2C9 /* Release */,
			);
			defaultConfigurationIsVisible = 0;
			defaultConfigurationName = Release;
		};
/* End XCConfigurationList section */

/* Begin XCVersionGroup section */
		953512AB1ACFC29B00B0B2C9 /* flow.xcdatamodeld */ = {
			isa = XCVersionGroup;
			children = (
				953512AC1ACFC29B00B0B2C9 /* flow.xcdatamodel */,
			);
			currentVersion = 953512AC1ACFC29B00B0B2C9 /* flow.xcdatamodel */;
			path = flow.xcdatamodeld;
			sourceTree = "<group>";
			versionGroupType = wrapper.xcdatamodel;
		};
/* End XCVersionGroup section */
	};
	rootObject = 953512991ACFC29B00B0B2C9 /* Project object */;
}
