// !$*UTF8*$!
{
	archiveVersion = 1;
	classes = {
	};
	objectVersion = 46;
	objects = {

/* Begin PBXBuildFile section */
		7C5D76041AD10306005F745E /* ChartAnimator.swift in Sources */ = {isa = PBXBuildFile; fileRef = 7C5D75B81AD10306005F745E /* ChartAnimator.swift */; };
		7C5D76051AD10306005F745E /* BarChartView.swift in Sources */ = {isa = PBXBuildFile; fileRef = 7C5D75BA1AD10306005F745E /* BarChartView.swift */; };
		7C5D76061AD10306005F745E /* BarLineChartViewBase.swift in Sources */ = {isa = PBXBuildFile; fileRef = 7C5D75BB1AD10306005F745E /* BarLineChartViewBase.swift */; };
		7C5D76071AD10306005F745E /* CandleStickChartView.swift in Sources */ = {isa = PBXBuildFile; fileRef = 7C5D75BC1AD10306005F745E /* CandleStickChartView.swift */; };
		7C5D76081AD10306005F745E /* ChartViewBase.swift in Sources */ = {isa = PBXBuildFile; fileRef = 7C5D75BD1AD10306005F745E /* ChartViewBase.swift */; };
		7C5D76091AD10306005F745E /* CombinedChartView.swift in Sources */ = {isa = PBXBuildFile; fileRef = 7C5D75BE1AD10306005F745E /* CombinedChartView.swift */; };
		7C5D760A1AD10306005F745E /* HorizontalBarChartView.swift in Sources */ = {isa = PBXBuildFile; fileRef = 7C5D75BF1AD10306005F745E /* HorizontalBarChartView.swift */; };
		7C5D760B1AD10306005F745E /* LineChartView.swift in Sources */ = {isa = PBXBuildFile; fileRef = 7C5D75C01AD10306005F745E /* LineChartView.swift */; };
		7C5D760C1AD10306005F745E /* PieChartView.swift in Sources */ = {isa = PBXBuildFile; fileRef = 7C5D75C11AD10306005F745E /* PieChartView.swift */; };
		7C5D760D1AD10306005F745E /* PieRadarChartViewBase.swift in Sources */ = {isa = PBXBuildFile; fileRef = 7C5D75C21AD10306005F745E /* PieRadarChartViewBase.swift */; };
		7C5D760E1AD10306005F745E /* RadarChartView.swift in Sources */ = {isa = PBXBuildFile; fileRef = 7C5D75C31AD10306005F745E /* RadarChartView.swift */; };
		7C5D760F1AD10306005F745E /* ScatterChartView.swift in Sources */ = {isa = PBXBuildFile; fileRef = 7C5D75C41AD10306005F745E /* ScatterChartView.swift */; };
		7C5D76101AD10306005F745E /* ChartAxisBase.swift in Sources */ = {isa = PBXBuildFile; fileRef = 7C5D75C61AD10306005F745E /* ChartAxisBase.swift */; };
		7C5D76111AD10306005F745E /* ChartComponentBase.swift in Sources */ = {isa = PBXBuildFile; fileRef = 7C5D75C71AD10306005F745E /* ChartComponentBase.swift */; };
		7C5D76121AD10306005F745E /* ChartLegend.swift in Sources */ = {isa = PBXBuildFile; fileRef = 7C5D75C81AD10306005F745E /* ChartLegend.swift */; };
		7C5D76131AD10306005F745E /* ChartLimitLine.swift in Sources */ = {isa = PBXBuildFile; fileRef = 7C5D75C91AD10306005F745E /* ChartLimitLine.swift */; };
		7C5D76141AD10306005F745E /* ChartMarker.swift in Sources */ = {isa = PBXBuildFile; fileRef = 7C5D75CA1AD10306005F745E /* ChartMarker.swift */; };
		7C5D76151AD10306005F745E /* ChartXAxis.swift in Sources */ = {isa = PBXBuildFile; fileRef = 7C5D75CB1AD10306005F745E /* ChartXAxis.swift */; };
		7C5D76161AD10306005F745E /* ChartYAxis.swift in Sources */ = {isa = PBXBuildFile; fileRef = 7C5D75CC1AD10306005F745E /* ChartYAxis.swift */; };
		7C5D76171AD10306005F745E /* BarChartData.swift in Sources */ = {isa = PBXBuildFile; fileRef = 7C5D75CE1AD10306005F745E /* BarChartData.swift */; };
		7C5D76181AD10306005F745E /* BarChartDataEntry.swift in Sources */ = {isa = PBXBuildFile; fileRef = 7C5D75CF1AD10306005F745E /* BarChartDataEntry.swift */; };
		7C5D76191AD10306005F745E /* BarChartDataSet.swift in Sources */ = {isa = PBXBuildFile; fileRef = 7C5D75D01AD10306005F745E /* BarChartDataSet.swift */; };
		7C5D761A1AD10306005F745E /* BarLineScatterCandleChartData.swift in Sources */ = {isa = PBXBuildFile; fileRef = 7C5D75D11AD10306005F745E /* BarLineScatterCandleChartData.swift */; };
		7C5D761B1AD10306005F745E /* BarLineScatterCandleChartDataSet.swift in Sources */ = {isa = PBXBuildFile; fileRef = 7C5D75D21AD10306005F745E /* BarLineScatterCandleChartDataSet.swift */; };
		7C5D761C1AD10306005F745E /* CandleChartData.swift in Sources */ = {isa = PBXBuildFile; fileRef = 7C5D75D31AD10306005F745E /* CandleChartData.swift */; };
		7C5D761D1AD10306005F745E /* CandleChartDataEntry.swift in Sources */ = {isa = PBXBuildFile; fileRef = 7C5D75D41AD10306005F745E /* CandleChartDataEntry.swift */; };
		7C5D761E1AD10306005F745E /* CandleChartDataSet.swift in Sources */ = {isa = PBXBuildFile; fileRef = 7C5D75D51AD10306005F745E /* CandleChartDataSet.swift */; };
		7C5D761F1AD10306005F745E /* ChartData.swift in Sources */ = {isa = PBXBuildFile; fileRef = 7C5D75D61AD10306005F745E /* ChartData.swift */; };
		7C5D76201AD10306005F745E /* ChartDataEntry.swift in Sources */ = {isa = PBXBuildFile; fileRef = 7C5D75D71AD10306005F745E /* ChartDataEntry.swift */; };
		7C5D76211AD10306005F745E /* ChartDataSet.swift in Sources */ = {isa = PBXBuildFile; fileRef = 7C5D75D81AD10306005F745E /* ChartDataSet.swift */; };
		7C5D76221AD10306005F745E /* CombinedChartData.swift in Sources */ = {isa = PBXBuildFile; fileRef = 7C5D75D91AD10306005F745E /* CombinedChartData.swift */; };
		7C5D76231AD10306005F745E /* LineChartData.swift in Sources */ = {isa = PBXBuildFile; fileRef = 7C5D75DA1AD10306005F745E /* LineChartData.swift */; };
		7C5D76241AD10306005F745E /* LineChartDataSet.swift in Sources */ = {isa = PBXBuildFile; fileRef = 7C5D75DB1AD10306005F745E /* LineChartDataSet.swift */; };
		7C5D76251AD10306005F745E /* LineRadarChartDataSet.swift in Sources */ = {isa = PBXBuildFile; fileRef = 7C5D75DC1AD10306005F745E /* LineRadarChartDataSet.swift */; };
		7C5D76261AD10306005F745E /* PieChartData.swift in Sources */ = {isa = PBXBuildFile; fileRef = 7C5D75DD1AD10306005F745E /* PieChartData.swift */; };
		7C5D76271AD10306005F745E /* PieChartDataSet.swift in Sources */ = {isa = PBXBuildFile; fileRef = 7C5D75DE1AD10306005F745E /* PieChartDataSet.swift */; };
		7C5D76281AD10306005F745E /* RadarChartData.swift in Sources */ = {isa = PBXBuildFile; fileRef = 7C5D75DF1AD10306005F745E /* RadarChartData.swift */; };
		7C5D76291AD10306005F745E /* RadarChartDataSet.swift in Sources */ = {isa = PBXBuildFile; fileRef = 7C5D75E01AD10306005F745E /* RadarChartDataSet.swift */; };
		7C5D762A1AD10306005F745E /* ScatterChartData.swift in Sources */ = {isa = PBXBuildFile; fileRef = 7C5D75E11AD10306005F745E /* ScatterChartData.swift */; };
		7C5D762B1AD10306005F745E /* ScatterChartDataSet.swift in Sources */ = {isa = PBXBuildFile; fileRef = 7C5D75E21AD10306005F745E /* ScatterChartDataSet.swift */; };
		7C5D762C1AD10306005F745E /* ChartDataApproximatorFilter.swift in Sources */ = {isa = PBXBuildFile; fileRef = 7C5D75E41AD10306005F745E /* ChartDataApproximatorFilter.swift */; };
		7C5D762D1AD10306005F745E /* ChartDataBaseFilter.swift in Sources */ = {isa = PBXBuildFile; fileRef = 7C5D75E51AD10306005F745E /* ChartDataBaseFilter.swift */; };
		7C5D762E1AD10306005F745E /* BarChartRenderer.swift in Sources */ = {isa = PBXBuildFile; fileRef = 7C5D75E71AD10306005F745E /* BarChartRenderer.swift */; };
		7C5D762F1AD10306005F745E /* CandleStickChartRenderer.swift in Sources */ = {isa = PBXBuildFile; fileRef = 7C5D75E81AD10306005F745E /* CandleStickChartRenderer.swift */; };
		7C5D76301AD10306005F745E /* ChartAxisRendererBase.swift in Sources */ = {isa = PBXBuildFile; fileRef = 7C5D75E91AD10306005F745E /* ChartAxisRendererBase.swift */; };
		7C5D76311AD10306005F745E /* ChartDataRendererBase.swift in Sources */ = {isa = PBXBuildFile; fileRef = 7C5D75EA1AD10306005F745E /* ChartDataRendererBase.swift */; };
		7C5D76321AD10306005F745E /* ChartLegendRenderer.swift in Sources */ = {isa = PBXBuildFile; fileRef = 7C5D75EB1AD10306005F745E /* ChartLegendRenderer.swift */; };
		7C5D76331AD10306005F745E /* ChartRendererBase.swift in Sources */ = {isa = PBXBuildFile; fileRef = 7C5D75EC1AD10306005F745E /* ChartRendererBase.swift */; };
		7C5D76341AD10306005F745E /* ChartXAxisRenderer.swift in Sources */ = {isa = PBXBuildFile; fileRef = 7C5D75ED1AD10306005F745E /* ChartXAxisRenderer.swift */; };
		7C5D76351AD10306005F745E /* ChartXAxisRendererBarChart.swift in Sources */ = {isa = PBXBuildFile; fileRef = 7C5D75EE1AD10306005F745E /* ChartXAxisRendererBarChart.swift */; };
		7C5D76361AD10306005F745E /* ChartXAxisRendererHorizontalBarChart.swift in Sources */ = {isa = PBXBuildFile; fileRef = 7C5D75EF1AD10306005F745E /* ChartXAxisRendererHorizontalBarChart.swift */; };
		7C5D76371AD10306005F745E /* ChartXAxisRendererRadarChart.swift in Sources */ = {isa = PBXBuildFile; fileRef = 7C5D75F01AD10306005F745E /* ChartXAxisRendererRadarChart.swift */; };
		7C5D76381AD10306005F745E /* ChartYAxisRenderer.swift in Sources */ = {isa = PBXBuildFile; fileRef = 7C5D75F11AD10306005F745E /* ChartYAxisRenderer.swift */; };
		7C5D76391AD10306005F745E /* ChartYAxisRendererHorizontalBarChart.swift in Sources */ = {isa = PBXBuildFile; fileRef = 7C5D75F21AD10306005F745E /* ChartYAxisRendererHorizontalBarChart.swift */; };
		7C5D763A1AD10306005F745E /* ChartYAxisRendererRadarChart.swift in Sources */ = {isa = PBXBuildFile; fileRef = 7C5D75F31AD10306005F745E /* ChartYAxisRendererRadarChart.swift */; };
		7C5D763B1AD10306005F745E /* CombinedChartRenderer.swift in Sources */ = {isa = PBXBuildFile; fileRef = 7C5D75F41AD10306005F745E /* CombinedChartRenderer.swift */; };
		7C5D763C1AD10306005F745E /* HorizontalBarChartRenderer.swift in Sources */ = {isa = PBXBuildFile; fileRef = 7C5D75F51AD10306005F745E /* HorizontalBarChartRenderer.swift */; };
		7C5D763D1AD10306005F745E /* LineChartRenderer.swift in Sources */ = {isa = PBXBuildFile; fileRef = 7C5D75F61AD10306005F745E /* LineChartRenderer.swift */; };
		7C5D763E1AD10306005F745E /* PieChartRenderer.swift in Sources */ = {isa = PBXBuildFile; fileRef = 7C5D75F71AD10306005F745E /* PieChartRenderer.swift */; };
		7C5D763F1AD10306005F745E /* RadarChartRenderer.swift in Sources */ = {isa = PBXBuildFile; fileRef = 7C5D75F81AD10306005F745E /* RadarChartRenderer.swift */; };
		7C5D76401AD10306005F745E /* ScatterChartRenderer.swift in Sources */ = {isa = PBXBuildFile; fileRef = 7C5D75F91AD10306005F745E /* ScatterChartRenderer.swift */; };
		7C5D76411AD10306005F745E /* ChartAnimationUtils.swift in Sources */ = {isa = PBXBuildFile; fileRef = 7C5D75FB1AD10306005F745E /* ChartAnimationUtils.swift */; };
		7C5D76421AD10306005F745E /* ChartColorTemplates.swift in Sources */ = {isa = PBXBuildFile; fileRef = 7C5D75FC1AD10306005F745E /* ChartColorTemplates.swift */; };
		7C5D76431AD10306005F745E /* ChartFillFormatter.swift in Sources */ = {isa = PBXBuildFile; fileRef = 7C5D75FD1AD10306005F745E /* ChartFillFormatter.swift */; };
		7C5D76441AD10306005F745E /* ChartHighlight.swift in Sources */ = {isa = PBXBuildFile; fileRef = 7C5D75FE1AD10306005F745E /* ChartHighlight.swift */; };
		7C5D76451AD10306005F745E /* ChartSelInfo.swift in Sources */ = {isa = PBXBuildFile; fileRef = 7C5D75FF1AD10306005F745E /* ChartSelInfo.swift */; };
		7C5D76461AD10306005F745E /* ChartTransformer.swift in Sources */ = {isa = PBXBuildFile; fileRef = 7C5D76001AD10306005F745E /* ChartTransformer.swift */; };
		7C5D76471AD10306005F745E /* ChartTransformerHorizontalBarChart.swift in Sources */ = {isa = PBXBuildFile; fileRef = 7C5D76011AD10306005F745E /* ChartTransformerHorizontalBarChart.swift */; };
		7C5D76481AD10306005F745E /* ChartUtils.swift in Sources */ = {isa = PBXBuildFile; fileRef = 7C5D76021AD10306005F745E /* ChartUtils.swift */; };
		7C5D76491AD10306005F745E /* ChartViewPortHandler.swift in Sources */ = {isa = PBXBuildFile; fileRef = 7C5D76031AD10306005F745E /* ChartViewPortHandler.swift */; };
		7CE3F46C1ACFDC7F008A3AA3 /* APRMainViewController.swift in Sources */ = {isa = PBXBuildFile; fileRef = 7CE3F46B1ACFDC7F008A3AA3 /* APRMainViewController.swift */; };
		953512AD1ACFC29B00B0B2C9 /* flow.xcdatamodeld in Sources */ = {isa = PBXBuildFile; fileRef = 953512AB1ACFC29B00B0B2C9 /* flow.xcdatamodeld */; };
		953512AF1ACFC29B00B0B2C9 /* Images.xcassets in Resources */ = {isa = PBXBuildFile; fileRef = 953512AE1ACFC29B00B0B2C9 /* Images.xcassets */; };
		953512BE1ACFC29C00B0B2C9 /* flowTests.m in Sources */ = {isa = PBXBuildFile; fileRef = 953512BD1ACFC29C00B0B2C9 /* flowTests.m */; };
		955B18B61ACFC31D00D0D8EA /* AppDelegate.m in Sources */ = {isa = PBXBuildFile; fileRef = 955B18B51ACFC31D00D0D8EA /* AppDelegate.m */; };
		958C8E301ACFEA88002EC76B /* FBSDKCoreKit.framework in Frameworks */ = {isa = PBXBuildFile; fileRef = 958C8E2D1ACFEA88002EC76B /* FBSDKCoreKit.framework */; };
		958C8E311ACFEA88002EC76B /* FBSDKLoginKit.framework in Frameworks */ = {isa = PBXBuildFile; fileRef = 958C8E2E1ACFEA88002EC76B /* FBSDKLoginKit.framework */; };
		958C8E321ACFEA88002EC76B /* FBSDKShareKit.framework in Frameworks */ = {isa = PBXBuildFile; fileRef = 958C8E2F1ACFEA88002EC76B /* FBSDKShareKit.framework */; };
		958C8E341ACFEA9B002EC76B /* Bolts.framework in Frameworks */ = {isa = PBXBuildFile; fileRef = 958C8E331ACFEA9B002EC76B /* Bolts.framework */; };
		959856E41AD0776800E1FE11 /* APRParseManager.swift in Sources */ = {isa = PBXBuildFile; fileRef = 959856E11AD0776800E1FE11 /* APRParseManager.swift */; };
		959856E51AD0776800E1FE11 /* APRState.swift in Sources */ = {isa = PBXBuildFile; fileRef = 959856E21AD0776800E1FE11 /* APRState.swift */; };
		959856E61AD0776800E1FE11 /* APRUser.swift in Sources */ = {isa = PBXBuildFile; fileRef = 959856E31AD0776800E1FE11 /* APRUser.swift */; };
		959856F01AD0780D00E1FE11 /* Parse.framework in Frameworks */ = {isa = PBXBuildFile; fileRef = 959856EB1AD0780D00E1FE11 /* Parse.framework */; };
		959856F11AD0780D00E1FE11 /* ParseCrashReporting.framework in Frameworks */ = {isa = PBXBuildFile; fileRef = 959856EC1AD0780D00E1FE11 /* ParseCrashReporting.framework */; };
		959856F21AD0780D00E1FE11 /* ParseFacebookUtils.framework in Frameworks */ = {isa = PBXBuildFile; fileRef = 959856ED1AD0780D00E1FE11 /* ParseFacebookUtils.framework */; };
		959856F31AD0780D00E1FE11 /* ParseFacebookUtilsV4.framework in Frameworks */ = {isa = PBXBuildFile; fileRef = 959856EE1AD0780D00E1FE11 /* ParseFacebookUtilsV4.framework */; };
		959856F41AD0780D00E1FE11 /* ParseUI.framework in Frameworks */ = {isa = PBXBuildFile; fileRef = 959856EF1AD0780D00E1FE11 /* ParseUI.framework */; };
		9598570F1AD0B4AC00E1FE11 /* Amazing Grotesk Book Italic.otf in Resources */ = {isa = PBXBuildFile; fileRef = 959856F81AD0B4AC00E1FE11 /* Amazing Grotesk Book Italic.otf */; };
		959857101AD0B4AC00E1FE11 /* Amazing Grotesk Book.otf in Resources */ = {isa = PBXBuildFile; fileRef = 959856F91AD0B4AC00E1FE11 /* Amazing Grotesk Book.otf */; };
		959857111AD0B4AC00E1FE11 /* Amazing Grotesk Demi Italic.otf in Resources */ = {isa = PBXBuildFile; fileRef = 959856FA1AD0B4AC00E1FE11 /* Amazing Grotesk Demi Italic.otf */; };
		959857121AD0B4AC00E1FE11 /* Amazing Grotesk Demi.otf in Resources */ = {isa = PBXBuildFile; fileRef = 959856FB1AD0B4AC00E1FE11 /* Amazing Grotesk Demi.otf */; };
		959857131AD0B4AC00E1FE11 /* Amazing Grotesk Light Italic.otf in Resources */ = {isa = PBXBuildFile; fileRef = 959856FC1AD0B4AC00E1FE11 /* Amazing Grotesk Light Italic.otf */; };
		959857141AD0B4AC00E1FE11 /* Amazing Grotesk Light.otf in Resources */ = {isa = PBXBuildFile; fileRef = 959856FD1AD0B4AC00E1FE11 /* Amazing Grotesk Light.otf */; };
		959857151AD0B4AC00E1FE11 /* Amazing Grotesk Ultra Italic.otf in Resources */ = {isa = PBXBuildFile; fileRef = 959856FE1AD0B4AC00E1FE11 /* Amazing Grotesk Ultra Italic.otf */; };
		959857161AD0B4AC00E1FE11 /* Amazing Grotesk Ultra.otf in Resources */ = {isa = PBXBuildFile; fileRef = 959856FF1AD0B4AC00E1FE11 /* Amazing Grotesk Ultra.otf */; };
		959857171AD0B4AC00E1FE11 /* license.pdf in Resources */ = {isa = PBXBuildFile; fileRef = 959857001AD0B4AC00E1FE11 /* license.pdf */; };
		959857181AD0B4AC00E1FE11 /* tweed.png in Resources */ = {isa = PBXBuildFile; fileRef = 959857031AD0B4AC00E1FE11 /* tweed.png */; };
		959857191AD0B4AC00E1FE11 /* tweed_@2X.png in Resources */ = {isa = PBXBuildFile; fileRef = 959857041AD0B4AC00E1FE11 /* tweed_@2X.png */; };
		9598571A1AD0B4AC00E1FE11 /* Facebook Login Button.idraw in Resources */ = {isa = PBXBuildFile; fileRef = 959857061AD0B4AC00E1FE11 /* Facebook Login Button.idraw */; };
		9598571B1AD0B4AC00E1FE11 /* FBLogin (Pressed).png in Resources */ = {isa = PBXBuildFile; fileRef = 959857071AD0B4AC00E1FE11 /* FBLogin (Pressed).png */; };
		9598571C1AD0B4AC00E1FE11 /* FBLogin.png in Resources */ = {isa = PBXBuildFile; fileRef = 959857081AD0B4AC00E1FE11 /* FBLogin.png */; };
		9598571D1AD0B4AC00E1FE11 /* Start Button.idraw in Resources */ = {isa = PBXBuildFile; fileRef = 959857091AD0B4AC00E1FE11 /* Start Button.idraw */; };
		9598571E1AD0B4AC00E1FE11 /* Start.png in Resources */ = {isa = PBXBuildFile; fileRef = 9598570A1AD0B4AC00E1FE11 /* Start.png */; };
		9598571F1AD0B4AC00E1FE11 /* Flow Circle.idraw in Resources */ = {isa = PBXBuildFile; fileRef = 9598570D1AD0B4AC00E1FE11 /* Flow Circle.idraw */; };
		959857201AD0B4AC00E1FE11 /* Flow Circle.png in Resources */ = {isa = PBXBuildFile; fileRef = 9598570E1AD0B4AC00E1FE11 /* Flow Circle.png */; };
		959857211AD0CF2500E1FE11 /* Main.storyboard in Resources */ = {isa = PBXBuildFile; fileRef = 7C4E9D911ACFF73C005D5258 /* Main.storyboard */; };
		959857221AD0CF2500E1FE11 /* LaunchScreen.xib in Resources */ = {isa = PBXBuildFile; fileRef = 953512B01ACFC29B00B0B2C9 /* LaunchScreen.xib */; };
		959857231AD0CF2500E1FE11 /* Setup.storyboard in Resources */ = {isa = PBXBuildFile; fileRef = 956D046A1ACFC540009BC09C /* Setup.storyboard */; };
		95F829FE1ACFC92500DC5864 /* APRLoginViewController.m in Sources */ = {isa = PBXBuildFile; fileRef = 95F829FD1ACFC92500DC5864 /* APRLoginViewController.m */; };
		95F82A141ACFCD0900DC5864 /* main.m in Sources */ = {isa = PBXBuildFile; fileRef = 95F82A121ACFCD0900DC5864 /* main.m */; };
		FA9DBD881ACFEBDF00806A2C /* AudioToolbox.framework in Frameworks */ = {isa = PBXBuildFile; fileRef = FA9DBD7D1ACFEBDF00806A2C /* AudioToolbox.framework */; };
		FA9DBD891ACFEBDF00806A2C /* CFNetwork.framework in Frameworks */ = {isa = PBXBuildFile; fileRef = FA9DBD7E1ACFEBDF00806A2C /* CFNetwork.framework */; };
		FA9DBD8A1ACFEBDF00806A2C /* CoreGraphics.framework in Frameworks */ = {isa = PBXBuildFile; fileRef = FA9DBD7F1ACFEBDF00806A2C /* CoreGraphics.framework */; };
		FA9DBD8B1ACFEBDF00806A2C /* CoreLocation.framework in Frameworks */ = {isa = PBXBuildFile; fileRef = FA9DBD801ACFEBDF00806A2C /* CoreLocation.framework */; };
		FA9DBD8C1ACFEBDF00806A2C /* libsqlite3.dylib in Frameworks */ = {isa = PBXBuildFile; fileRef = FA9DBD811ACFEBDF00806A2C /* libsqlite3.dylib */; };
		FA9DBD8D1ACFEBDF00806A2C /* libz.dylib in Frameworks */ = {isa = PBXBuildFile; fileRef = FA9DBD821ACFEBDF00806A2C /* libz.dylib */; };
		FA9DBD8E1ACFEBDF00806A2C /* MobileCoreServices.framework in Frameworks */ = {isa = PBXBuildFile; fileRef = FA9DBD831ACFEBDF00806A2C /* MobileCoreServices.framework */; };
		FA9DBD8F1ACFEBDF00806A2C /* QuartzCore.framework in Frameworks */ = {isa = PBXBuildFile; fileRef = FA9DBD841ACFEBDF00806A2C /* QuartzCore.framework */; };
		FA9DBD901ACFEBDF00806A2C /* Security.framework in Frameworks */ = {isa = PBXBuildFile; fileRef = FA9DBD851ACFEBDF00806A2C /* Security.framework */; };
		FA9DBD911ACFEBDF00806A2C /* StoreKit.framework in Frameworks */ = {isa = PBXBuildFile; fileRef = FA9DBD861ACFEBDF00806A2C /* StoreKit.framework */; };
		FA9DBD921ACFEBDF00806A2C /* SystemConfiguration.framework in Frameworks */ = {isa = PBXBuildFile; fileRef = FA9DBD871ACFEBDF00806A2C /* SystemConfiguration.framework */; };
/* End PBXBuildFile section */

/* Begin PBXContainerItemProxy section */
		953512B81ACFC29B00B0B2C9 /* PBXContainerItemProxy */ = {
			isa = PBXContainerItemProxy;
			containerPortal = 953512991ACFC29B00B0B2C9 /* Project object */;
			proxyType = 1;
			remoteGlobalIDString = 953512A01ACFC29B00B0B2C9;
			remoteInfo = flow;
		};
/* End PBXContainerItemProxy section */

/* Begin PBXFileReference section */
		7C4E9D921ACFF73C005D5258 /* Base */ = {isa = PBXFileReference; lastKnownFileType = file.storyboard; name = Base; path = flow/Base.lproj/Main.storyboard; sourceTree = "<group>"; };
		7C5D75B81AD10306005F745E /* ChartAnimator.swift */ = {isa = PBXFileReference; fileEncoding = 4; lastKnownFileType = sourcecode.swift; path = ChartAnimator.swift; sourceTree = "<group>"; };
		7C5D75BA1AD10306005F745E /* BarChartView.swift */ = {isa = PBXFileReference; fileEncoding = 4; lastKnownFileType = sourcecode.swift; path = BarChartView.swift; sourceTree = "<group>"; };
		7C5D75BB1AD10306005F745E /* BarLineChartViewBase.swift */ = {isa = PBXFileReference; fileEncoding = 4; lastKnownFileType = sourcecode.swift; path = BarLineChartViewBase.swift; sourceTree = "<group>"; };
		7C5D75BC1AD10306005F745E /* CandleStickChartView.swift */ = {isa = PBXFileReference; fileEncoding = 4; lastKnownFileType = sourcecode.swift; path = CandleStickChartView.swift; sourceTree = "<group>"; };
		7C5D75BD1AD10306005F745E /* ChartViewBase.swift */ = {isa = PBXFileReference; fileEncoding = 4; lastKnownFileType = sourcecode.swift; path = ChartViewBase.swift; sourceTree = "<group>"; };
		7C5D75BE1AD10306005F745E /* CombinedChartView.swift */ = {isa = PBXFileReference; fileEncoding = 4; lastKnownFileType = sourcecode.swift; path = CombinedChartView.swift; sourceTree = "<group>"; };
		7C5D75BF1AD10306005F745E /* HorizontalBarChartView.swift */ = {isa = PBXFileReference; fileEncoding = 4; lastKnownFileType = sourcecode.swift; path = HorizontalBarChartView.swift; sourceTree = "<group>"; };
		7C5D75C01AD10306005F745E /* LineChartView.swift */ = {isa = PBXFileReference; fileEncoding = 4; lastKnownFileType = sourcecode.swift; path = LineChartView.swift; sourceTree = "<group>"; };
		7C5D75C11AD10306005F745E /* PieChartView.swift */ = {isa = PBXFileReference; fileEncoding = 4; lastKnownFileType = sourcecode.swift; path = PieChartView.swift; sourceTree = "<group>"; };
		7C5D75C21AD10306005F745E /* PieRadarChartViewBase.swift */ = {isa = PBXFileReference; fileEncoding = 4; lastKnownFileType = sourcecode.swift; path = PieRadarChartViewBase.swift; sourceTree = "<group>"; };
		7C5D75C31AD10306005F745E /* RadarChartView.swift */ = {isa = PBXFileReference; fileEncoding = 4; lastKnownFileType = sourcecode.swift; path = RadarChartView.swift; sourceTree = "<group>"; };
		7C5D75C41AD10306005F745E /* ScatterChartView.swift */ = {isa = PBXFileReference; fileEncoding = 4; lastKnownFileType = sourcecode.swift; path = ScatterChartView.swift; sourceTree = "<group>"; };
		7C5D75C61AD10306005F745E /* ChartAxisBase.swift */ = {isa = PBXFileReference; fileEncoding = 4; lastKnownFileType = sourcecode.swift; path = ChartAxisBase.swift; sourceTree = "<group>"; };
		7C5D75C71AD10306005F745E /* ChartComponentBase.swift */ = {isa = PBXFileReference; fileEncoding = 4; lastKnownFileType = sourcecode.swift; path = ChartComponentBase.swift; sourceTree = "<group>"; };
		7C5D75C81AD10306005F745E /* ChartLegend.swift */ = {isa = PBXFileReference; fileEncoding = 4; lastKnownFileType = sourcecode.swift; path = ChartLegend.swift; sourceTree = "<group>"; };
		7C5D75C91AD10306005F745E /* ChartLimitLine.swift */ = {isa = PBXFileReference; fileEncoding = 4; lastKnownFileType = sourcecode.swift; path = ChartLimitLine.swift; sourceTree = "<group>"; };
		7C5D75CA1AD10306005F745E /* ChartMarker.swift */ = {isa = PBXFileReference; fileEncoding = 4; lastKnownFileType = sourcecode.swift; path = ChartMarker.swift; sourceTree = "<group>"; };
		7C5D75CB1AD10306005F745E /* ChartXAxis.swift */ = {isa = PBXFileReference; fileEncoding = 4; lastKnownFileType = sourcecode.swift; path = ChartXAxis.swift; sourceTree = "<group>"; };
		7C5D75CC1AD10306005F745E /* ChartYAxis.swift */ = {isa = PBXFileReference; fileEncoding = 4; lastKnownFileType = sourcecode.swift; path = ChartYAxis.swift; sourceTree = "<group>"; };
		7C5D75CE1AD10306005F745E /* BarChartData.swift */ = {isa = PBXFileReference; fileEncoding = 4; lastKnownFileType = sourcecode.swift; path = BarChartData.swift; sourceTree = "<group>"; };
		7C5D75CF1AD10306005F745E /* BarChartDataEntry.swift */ = {isa = PBXFileReference; fileEncoding = 4; lastKnownFileType = sourcecode.swift; path = BarChartDataEntry.swift; sourceTree = "<group>"; };
		7C5D75D01AD10306005F745E /* BarChartDataSet.swift */ = {isa = PBXFileReference; fileEncoding = 4; lastKnownFileType = sourcecode.swift; path = BarChartDataSet.swift; sourceTree = "<group>"; };
		7C5D75D11AD10306005F745E /* BarLineScatterCandleChartData.swift */ = {isa = PBXFileReference; fileEncoding = 4; lastKnownFileType = sourcecode.swift; path = BarLineScatterCandleChartData.swift; sourceTree = "<group>"; };
		7C5D75D21AD10306005F745E /* BarLineScatterCandleChartDataSet.swift */ = {isa = PBXFileReference; fileEncoding = 4; lastKnownFileType = sourcecode.swift; path = BarLineScatterCandleChartDataSet.swift; sourceTree = "<group>"; };
		7C5D75D31AD10306005F745E /* CandleChartData.swift */ = {isa = PBXFileReference; fileEncoding = 4; lastKnownFileType = sourcecode.swift; path = CandleChartData.swift; sourceTree = "<group>"; };
		7C5D75D41AD10306005F745E /* CandleChartDataEntry.swift */ = {isa = PBXFileReference; fileEncoding = 4; lastKnownFileType = sourcecode.swift; path = CandleChartDataEntry.swift; sourceTree = "<group>"; };
		7C5D75D51AD10306005F745E /* CandleChartDataSet.swift */ = {isa = PBXFileReference; fileEncoding = 4; lastKnownFileType = sourcecode.swift; path = CandleChartDataSet.swift; sourceTree = "<group>"; };
		7C5D75D61AD10306005F745E /* ChartData.swift */ = {isa = PBXFileReference; fileEncoding = 4; lastKnownFileType = sourcecode.swift; path = ChartData.swift; sourceTree = "<group>"; };
		7C5D75D71AD10306005F745E /* ChartDataEntry.swift */ = {isa = PBXFileReference; fileEncoding = 4; lastKnownFileType = sourcecode.swift; path = ChartDataEntry.swift; sourceTree = "<group>"; };
		7C5D75D81AD10306005F745E /* ChartDataSet.swift */ = {isa = PBXFileReference; fileEncoding = 4; lastKnownFileType = sourcecode.swift; path = ChartDataSet.swift; sourceTree = "<group>"; };
		7C5D75D91AD10306005F745E /* CombinedChartData.swift */ = {isa = PBXFileReference; fileEncoding = 4; lastKnownFileType = sourcecode.swift; path = CombinedChartData.swift; sourceTree = "<group>"; };
		7C5D75DA1AD10306005F745E /* LineChartData.swift */ = {isa = PBXFileReference; fileEncoding = 4; lastKnownFileType = sourcecode.swift; path = LineChartData.swift; sourceTree = "<group>"; };
		7C5D75DB1AD10306005F745E /* LineChartDataSet.swift */ = {isa = PBXFileReference; fileEncoding = 4; lastKnownFileType = sourcecode.swift; path = LineChartDataSet.swift; sourceTree = "<group>"; };
		7C5D75DC1AD10306005F745E /* LineRadarChartDataSet.swift */ = {isa = PBXFileReference; fileEncoding = 4; lastKnownFileType = sourcecode.swift; path = LineRadarChartDataSet.swift; sourceTree = "<group>"; };
		7C5D75DD1AD10306005F745E /* PieChartData.swift */ = {isa = PBXFileReference; fileEncoding = 4; lastKnownFileType = sourcecode.swift; path = PieChartData.swift; sourceTree = "<group>"; };
		7C5D75DE1AD10306005F745E /* PieChartDataSet.swift */ = {isa = PBXFileReference; fileEncoding = 4; lastKnownFileType = sourcecode.swift; path = PieChartDataSet.swift; sourceTree = "<group>"; };
		7C5D75DF1AD10306005F745E /* RadarChartData.swift */ = {isa = PBXFileReference; fileEncoding = 4; lastKnownFileType = sourcecode.swift; path = RadarChartData.swift; sourceTree = "<group>"; };
		7C5D75E01AD10306005F745E /* RadarChartDataSet.swift */ = {isa = PBXFileReference; fileEncoding = 4; lastKnownFileType = sourcecode.swift; path = RadarChartDataSet.swift; sourceTree = "<group>"; };
		7C5D75E11AD10306005F745E /* ScatterChartData.swift */ = {isa = PBXFileReference; fileEncoding = 4; lastKnownFileType = sourcecode.swift; path = ScatterChartData.swift; sourceTree = "<group>"; };
		7C5D75E21AD10306005F745E /* ScatterChartDataSet.swift */ = {isa = PBXFileReference; fileEncoding = 4; lastKnownFileType = sourcecode.swift; path = ScatterChartDataSet.swift; sourceTree = "<group>"; };
		7C5D75E41AD10306005F745E /* ChartDataApproximatorFilter.swift */ = {isa = PBXFileReference; fileEncoding = 4; lastKnownFileType = sourcecode.swift; path = ChartDataApproximatorFilter.swift; sourceTree = "<group>"; };
		7C5D75E51AD10306005F745E /* ChartDataBaseFilter.swift */ = {isa = PBXFileReference; fileEncoding = 4; lastKnownFileType = sourcecode.swift; path = ChartDataBaseFilter.swift; sourceTree = "<group>"; };
		7C5D75E71AD10306005F745E /* BarChartRenderer.swift */ = {isa = PBXFileReference; fileEncoding = 4; lastKnownFileType = sourcecode.swift; path = BarChartRenderer.swift; sourceTree = "<group>"; };
		7C5D75E81AD10306005F745E /* CandleStickChartRenderer.swift */ = {isa = PBXFileReference; fileEncoding = 4; lastKnownFileType = sourcecode.swift; path = CandleStickChartRenderer.swift; sourceTree = "<group>"; };
		7C5D75E91AD10306005F745E /* ChartAxisRendererBase.swift */ = {isa = PBXFileReference; fileEncoding = 4; lastKnownFileType = sourcecode.swift; path = ChartAxisRendererBase.swift; sourceTree = "<group>"; };
		7C5D75EA1AD10306005F745E /* ChartDataRendererBase.swift */ = {isa = PBXFileReference; fileEncoding = 4; lastKnownFileType = sourcecode.swift; path = ChartDataRendererBase.swift; sourceTree = "<group>"; };
		7C5D75EB1AD10306005F745E /* ChartLegendRenderer.swift */ = {isa = PBXFileReference; fileEncoding = 4; lastKnownFileType = sourcecode.swift; path = ChartLegendRenderer.swift; sourceTree = "<group>"; };
		7C5D75EC1AD10306005F745E /* ChartRendererBase.swift */ = {isa = PBXFileReference; fileEncoding = 4; lastKnownFileType = sourcecode.swift; path = ChartRendererBase.swift; sourceTree = "<group>"; };
		7C5D75ED1AD10306005F745E /* ChartXAxisRenderer.swift */ = {isa = PBXFileReference; fileEncoding = 4; lastKnownFileType = sourcecode.swift; path = ChartXAxisRenderer.swift; sourceTree = "<group>"; };
		7C5D75EE1AD10306005F745E /* ChartXAxisRendererBarChart.swift */ = {isa = PBXFileReference; fileEncoding = 4; lastKnownFileType = sourcecode.swift; path = ChartXAxisRendererBarChart.swift; sourceTree = "<group>"; };
		7C5D75EF1AD10306005F745E /* ChartXAxisRendererHorizontalBarChart.swift */ = {isa = PBXFileReference; fileEncoding = 4; lastKnownFileType = sourcecode.swift; path = ChartXAxisRendererHorizontalBarChart.swift; sourceTree = "<group>"; };
		7C5D75F01AD10306005F745E /* ChartXAxisRendererRadarChart.swift */ = {isa = PBXFileReference; fileEncoding = 4; lastKnownFileType = sourcecode.swift; path = ChartXAxisRendererRadarChart.swift; sourceTree = "<group>"; };
		7C5D75F11AD10306005F745E /* ChartYAxisRenderer.swift */ = {isa = PBXFileReference; fileEncoding = 4; lastKnownFileType = sourcecode.swift; path = ChartYAxisRenderer.swift; sourceTree = "<group>"; };
		7C5D75F21AD10306005F745E /* ChartYAxisRendererHorizontalBarChart.swift */ = {isa = PBXFileReference; fileEncoding = 4; lastKnownFileType = sourcecode.swift; path = ChartYAxisRendererHorizontalBarChart.swift; sourceTree = "<group>"; };
		7C5D75F31AD10306005F745E /* ChartYAxisRendererRadarChart.swift */ = {isa = PBXFileReference; fileEncoding = 4; lastKnownFileType = sourcecode.swift; path = ChartYAxisRendererRadarChart.swift; sourceTree = "<group>"; };
		7C5D75F41AD10306005F745E /* CombinedChartRenderer.swift */ = {isa = PBXFileReference; fileEncoding = 4; lastKnownFileType = sourcecode.swift; path = CombinedChartRenderer.swift; sourceTree = "<group>"; };
		7C5D75F51AD10306005F745E /* HorizontalBarChartRenderer.swift */ = {isa = PBXFileReference; fileEncoding = 4; lastKnownFileType = sourcecode.swift; path = HorizontalBarChartRenderer.swift; sourceTree = "<group>"; };
		7C5D75F61AD10306005F745E /* LineChartRenderer.swift */ = {isa = PBXFileReference; fileEncoding = 4; lastKnownFileType = sourcecode.swift; path = LineChartRenderer.swift; sourceTree = "<group>"; };
		7C5D75F71AD10306005F745E /* PieChartRenderer.swift */ = {isa = PBXFileReference; fileEncoding = 4; lastKnownFileType = sourcecode.swift; path = PieChartRenderer.swift; sourceTree = "<group>"; };
		7C5D75F81AD10306005F745E /* RadarChartRenderer.swift */ = {isa = PBXFileReference; fileEncoding = 4; lastKnownFileType = sourcecode.swift; path = RadarChartRenderer.swift; sourceTree = "<group>"; };
		7C5D75F91AD10306005F745E /* ScatterChartRenderer.swift */ = {isa = PBXFileReference; fileEncoding = 4; lastKnownFileType = sourcecode.swift; path = ScatterChartRenderer.swift; sourceTree = "<group>"; };
		7C5D75FB1AD10306005F745E /* ChartAnimationUtils.swift */ = {isa = PBXFileReference; fileEncoding = 4; lastKnownFileType = sourcecode.swift; path = ChartAnimationUtils.swift; sourceTree = "<group>"; };
		7C5D75FC1AD10306005F745E /* ChartColorTemplates.swift */ = {isa = PBXFileReference; fileEncoding = 4; lastKnownFileType = sourcecode.swift; path = ChartColorTemplates.swift; sourceTree = "<group>"; };
		7C5D75FD1AD10306005F745E /* ChartFillFormatter.swift */ = {isa = PBXFileReference; fileEncoding = 4; lastKnownFileType = sourcecode.swift; path = ChartFillFormatter.swift; sourceTree = "<group>"; };
		7C5D75FE1AD10306005F745E /* ChartHighlight.swift */ = {isa = PBXFileReference; fileEncoding = 4; lastKnownFileType = sourcecode.swift; path = ChartHighlight.swift; sourceTree = "<group>"; };
		7C5D75FF1AD10306005F745E /* ChartSelInfo.swift */ = {isa = PBXFileReference; fileEncoding = 4; lastKnownFileType = sourcecode.swift; path = ChartSelInfo.swift; sourceTree = "<group>"; };
		7C5D76001AD10306005F745E /* ChartTransformer.swift */ = {isa = PBXFileReference; fileEncoding = 4; lastKnownFileType = sourcecode.swift; path = ChartTransformer.swift; sourceTree = "<group>"; };
		7C5D76011AD10306005F745E /* ChartTransformerHorizontalBarChart.swift */ = {isa = PBXFileReference; fileEncoding = 4; lastKnownFileType = sourcecode.swift; path = ChartTransformerHorizontalBarChart.swift; sourceTree = "<group>"; };
		7C5D76021AD10306005F745E /* ChartUtils.swift */ = {isa = PBXFileReference; fileEncoding = 4; lastKnownFileType = sourcecode.swift; path = ChartUtils.swift; sourceTree = "<group>"; };
		7C5D76031AD10306005F745E /* ChartViewPortHandler.swift */ = {isa = PBXFileReference; fileEncoding = 4; lastKnownFileType = sourcecode.swift; path = ChartViewPortHandler.swift; sourceTree = "<group>"; };
		7CE3F46A1ACFDC7F008A3AA3 /* flow-Bridging-Header.h */ = {isa = PBXFileReference; lastKnownFileType = sourcecode.c.h; path = "flow-Bridging-Header.h"; sourceTree = "<group>"; };
		7CE3F46B1ACFDC7F008A3AA3 /* APRMainViewController.swift */ = {isa = PBXFileReference; fileEncoding = 4; lastKnownFileType = sourcecode.swift; name = APRMainViewController.swift; path = Classes/APRMainViewController.swift; sourceTree = "<group>"; };
		953512A11ACFC29B00B0B2C9 /* flow.app */ = {isa = PBXFileReference; explicitFileType = wrapper.application; includeInIndex = 0; path = flow.app; sourceTree = BUILT_PRODUCTS_DIR; };
		953512AC1ACFC29B00B0B2C9 /* flow.xcdatamodel */ = {isa = PBXFileReference; lastKnownFileType = wrapper.xcdatamodel; path = flow.xcdatamodel; sourceTree = "<group>"; };
		953512AE1ACFC29B00B0B2C9 /* Images.xcassets */ = {isa = PBXFileReference; lastKnownFileType = folder.assetcatalog; path = Images.xcassets; sourceTree = "<group>"; };
		953512B11ACFC29B00B0B2C9 /* Base */ = {isa = PBXFileReference; lastKnownFileType = file.xib; name = Base; path = Base.lproj/LaunchScreen.xib; sourceTree = "<group>"; };
		953512B71ACFC29B00B0B2C9 /* flowTests.xctest */ = {isa = PBXFileReference; explicitFileType = wrapper.cfbundle; includeInIndex = 0; path = flowTests.xctest; sourceTree = BUILT_PRODUCTS_DIR; };
		953512BC1ACFC29C00B0B2C9 /* Info.plist */ = {isa = PBXFileReference; lastKnownFileType = text.plist.xml; path = Info.plist; sourceTree = "<group>"; };
		953512BD1ACFC29C00B0B2C9 /* flowTests.m */ = {isa = PBXFileReference; lastKnownFileType = sourcecode.c.objc; path = flowTests.m; sourceTree = "<group>"; };
		955B18B41ACFC31D00D0D8EA /* AppDelegate.h */ = {isa = PBXFileReference; fileEncoding = 4; lastKnownFileType = sourcecode.c.h; name = AppDelegate.h; path = Classes/AppDelegate.h; sourceTree = "<group>"; };
		955B18B51ACFC31D00D0D8EA /* AppDelegate.m */ = {isa = PBXFileReference; fileEncoding = 4; lastKnownFileType = sourcecode.c.objc; name = AppDelegate.m; path = Classes/AppDelegate.m; sourceTree = "<group>"; };
		956D046B1ACFC540009BC09C /* Base */ = {isa = PBXFileReference; lastKnownFileType = file.storyboard; name = Base; path = Base.lproj/Setup.storyboard; sourceTree = "<group>"; };
		958C8E2D1ACFEA88002EC76B /* FBSDKCoreKit.framework */ = {isa = PBXFileReference; lastKnownFileType = wrapper.framework; path = FBSDKCoreKit.framework; sourceTree = "<group>"; };
		958C8E2E1ACFEA88002EC76B /* FBSDKLoginKit.framework */ = {isa = PBXFileReference; lastKnownFileType = wrapper.framework; path = FBSDKLoginKit.framework; sourceTree = "<group>"; };
		958C8E2F1ACFEA88002EC76B /* FBSDKShareKit.framework */ = {isa = PBXFileReference; lastKnownFileType = wrapper.framework; path = FBSDKShareKit.framework; sourceTree = "<group>"; };
		958C8E331ACFEA9B002EC76B /* Bolts.framework */ = {isa = PBXFileReference; lastKnownFileType = wrapper.framework; path = Bolts.framework; sourceTree = "<group>"; };
		959856E11AD0776800E1FE11 /* APRParseManager.swift */ = {isa = PBXFileReference; fileEncoding = 4; lastKnownFileType = sourcecode.swift; name = APRParseManager.swift; path = Classes/APRParseManager.swift; sourceTree = "<group>"; };
		959856E21AD0776800E1FE11 /* APRState.swift */ = {isa = PBXFileReference; fileEncoding = 4; lastKnownFileType = sourcecode.swift; name = APRState.swift; path = Classes/APRState.swift; sourceTree = "<group>"; };
		959856E31AD0776800E1FE11 /* APRUser.swift */ = {isa = PBXFileReference; fileEncoding = 4; lastKnownFileType = sourcecode.swift; name = APRUser.swift; path = Classes/APRUser.swift; sourceTree = "<group>"; };
		959856EB1AD0780D00E1FE11 /* Parse.framework */ = {isa = PBXFileReference; lastKnownFileType = wrapper.framework; path = Parse.framework; sourceTree = "<group>"; };
		959856EC1AD0780D00E1FE11 /* ParseCrashReporting.framework */ = {isa = PBXFileReference; lastKnownFileType = wrapper.framework; path = ParseCrashReporting.framework; sourceTree = "<group>"; };
		959856ED1AD0780D00E1FE11 /* ParseFacebookUtils.framework */ = {isa = PBXFileReference; lastKnownFileType = wrapper.framework; path = ParseFacebookUtils.framework; sourceTree = "<group>"; };
		959856EE1AD0780D00E1FE11 /* ParseFacebookUtilsV4.framework */ = {isa = PBXFileReference; lastKnownFileType = wrapper.framework; path = ParseFacebookUtilsV4.framework; sourceTree = "<group>"; };
		959856EF1AD0780D00E1FE11 /* ParseUI.framework */ = {isa = PBXFileReference; lastKnownFileType = wrapper.framework; path = ParseUI.framework; sourceTree = "<group>"; };
		959856F81AD0B4AC00E1FE11 /* Amazing Grotesk Book Italic.otf */ = {isa = PBXFileReference; lastKnownFileType = file; path = "Amazing Grotesk Book Italic.otf"; sourceTree = "<group>"; };
		959856F91AD0B4AC00E1FE11 /* Amazing Grotesk Book.otf */ = {isa = PBXFileReference; lastKnownFileType = file; path = "Amazing Grotesk Book.otf"; sourceTree = "<group>"; };
		959856FA1AD0B4AC00E1FE11 /* Amazing Grotesk Demi Italic.otf */ = {isa = PBXFileReference; lastKnownFileType = file; path = "Amazing Grotesk Demi Italic.otf"; sourceTree = "<group>"; };
		959856FB1AD0B4AC00E1FE11 /* Amazing Grotesk Demi.otf */ = {isa = PBXFileReference; lastKnownFileType = file; path = "Amazing Grotesk Demi.otf"; sourceTree = "<group>"; };
		959856FC1AD0B4AC00E1FE11 /* Amazing Grotesk Light Italic.otf */ = {isa = PBXFileReference; lastKnownFileType = file; path = "Amazing Grotesk Light Italic.otf"; sourceTree = "<group>"; };
		959856FD1AD0B4AC00E1FE11 /* Amazing Grotesk Light.otf */ = {isa = PBXFileReference; lastKnownFileType = file; path = "Amazing Grotesk Light.otf"; sourceTree = "<group>"; };
		959856FE1AD0B4AC00E1FE11 /* Amazing Grotesk Ultra Italic.otf */ = {isa = PBXFileReference; lastKnownFileType = file; path = "Amazing Grotesk Ultra Italic.otf"; sourceTree = "<group>"; };
		959856FF1AD0B4AC00E1FE11 /* Amazing Grotesk Ultra.otf */ = {isa = PBXFileReference; lastKnownFileType = file; path = "Amazing Grotesk Ultra.otf"; sourceTree = "<group>"; };
		959857001AD0B4AC00E1FE11 /* license.pdf */ = {isa = PBXFileReference; lastKnownFileType = image.pdf; path = license.pdf; sourceTree = "<group>"; };
		959857031AD0B4AC00E1FE11 /* tweed.png */ = {isa = PBXFileReference; lastKnownFileType = image.png; path = tweed.png; sourceTree = "<group>"; };
		959857041AD0B4AC00E1FE11 /* tweed_@2X.png */ = {isa = PBXFileReference; lastKnownFileType = image.png; path = "tweed_@2X.png"; sourceTree = "<group>"; };
		959857061AD0B4AC00E1FE11 /* Facebook Login Button.idraw */ = {isa = PBXFileReference; lastKnownFileType = file; path = "Facebook Login Button.idraw"; sourceTree = "<group>"; };
		959857071AD0B4AC00E1FE11 /* FBLogin (Pressed).png */ = {isa = PBXFileReference; lastKnownFileType = image.png; path = "FBLogin (Pressed).png"; sourceTree = "<group>"; };
		959857081AD0B4AC00E1FE11 /* FBLogin.png */ = {isa = PBXFileReference; lastKnownFileType = image.png; path = FBLogin.png; sourceTree = "<group>"; };
		959857091AD0B4AC00E1FE11 /* Start Button.idraw */ = {isa = PBXFileReference; lastKnownFileType = file; path = "Start Button.idraw"; sourceTree = "<group>"; };
		9598570A1AD0B4AC00E1FE11 /* Start.png */ = {isa = PBXFileReference; lastKnownFileType = image.png; path = Start.png; sourceTree = "<group>"; };
		9598570D1AD0B4AC00E1FE11 /* Flow Circle.idraw */ = {isa = PBXFileReference; lastKnownFileType = file; path = "Flow Circle.idraw"; sourceTree = "<group>"; };
		9598570E1AD0B4AC00E1FE11 /* Flow Circle.png */ = {isa = PBXFileReference; lastKnownFileType = image.png; path = "Flow Circle.png"; sourceTree = "<group>"; };
		95F829FC1ACFC92500DC5864 /* APRLoginViewController.h */ = {isa = PBXFileReference; fileEncoding = 4; lastKnownFileType = sourcecode.c.h; name = APRLoginViewController.h; path = Classes/APRLoginViewController.h; sourceTree = "<group>"; };
		95F829FD1ACFC92500DC5864 /* APRLoginViewController.m */ = {isa = PBXFileReference; fileEncoding = 4; lastKnownFileType = sourcecode.c.objc; name = APRLoginViewController.m; path = Classes/APRLoginViewController.m; sourceTree = "<group>"; };
		95F82A111ACFCD0900DC5864 /* Info.plist */ = {isa = PBXFileReference; fileEncoding = 4; lastKnownFileType = text.plist.xml; path = Info.plist; sourceTree = "<group>"; };
		95F82A121ACFCD0900DC5864 /* main.m */ = {isa = PBXFileReference; fileEncoding = 4; lastKnownFileType = sourcecode.c.objc; path = main.m; sourceTree = "<group>"; };
		FA9DBD7D1ACFEBDF00806A2C /* AudioToolbox.framework */ = {isa = PBXFileReference; lastKnownFileType = wrapper.framework; name = AudioToolbox.framework; path = System/Library/Frameworks/AudioToolbox.framework; sourceTree = SDKROOT; };
		FA9DBD7E1ACFEBDF00806A2C /* CFNetwork.framework */ = {isa = PBXFileReference; lastKnownFileType = wrapper.framework; name = CFNetwork.framework; path = System/Library/Frameworks/CFNetwork.framework; sourceTree = SDKROOT; };
		FA9DBD7F1ACFEBDF00806A2C /* CoreGraphics.framework */ = {isa = PBXFileReference; lastKnownFileType = wrapper.framework; name = CoreGraphics.framework; path = System/Library/Frameworks/CoreGraphics.framework; sourceTree = SDKROOT; };
		FA9DBD801ACFEBDF00806A2C /* CoreLocation.framework */ = {isa = PBXFileReference; lastKnownFileType = wrapper.framework; name = CoreLocation.framework; path = System/Library/Frameworks/CoreLocation.framework; sourceTree = SDKROOT; };
		FA9DBD811ACFEBDF00806A2C /* libsqlite3.dylib */ = {isa = PBXFileReference; lastKnownFileType = "compiled.mach-o.dylib"; name = libsqlite3.dylib; path = usr/lib/libsqlite3.dylib; sourceTree = SDKROOT; };
		FA9DBD821ACFEBDF00806A2C /* libz.dylib */ = {isa = PBXFileReference; lastKnownFileType = "compiled.mach-o.dylib"; name = libz.dylib; path = usr/lib/libz.dylib; sourceTree = SDKROOT; };
		FA9DBD831ACFEBDF00806A2C /* MobileCoreServices.framework */ = {isa = PBXFileReference; lastKnownFileType = wrapper.framework; name = MobileCoreServices.framework; path = System/Library/Frameworks/MobileCoreServices.framework; sourceTree = SDKROOT; };
		FA9DBD841ACFEBDF00806A2C /* QuartzCore.framework */ = {isa = PBXFileReference; lastKnownFileType = wrapper.framework; name = QuartzCore.framework; path = System/Library/Frameworks/QuartzCore.framework; sourceTree = SDKROOT; };
		FA9DBD851ACFEBDF00806A2C /* Security.framework */ = {isa = PBXFileReference; lastKnownFileType = wrapper.framework; name = Security.framework; path = System/Library/Frameworks/Security.framework; sourceTree = SDKROOT; };
		FA9DBD861ACFEBDF00806A2C /* StoreKit.framework */ = {isa = PBXFileReference; lastKnownFileType = wrapper.framework; name = StoreKit.framework; path = System/Library/Frameworks/StoreKit.framework; sourceTree = SDKROOT; };
		FA9DBD871ACFEBDF00806A2C /* SystemConfiguration.framework */ = {isa = PBXFileReference; lastKnownFileType = wrapper.framework; name = SystemConfiguration.framework; path = System/Library/Frameworks/SystemConfiguration.framework; sourceTree = SDKROOT; };
/* End PBXFileReference section */

/* Begin PBXFrameworksBuildPhase section */
		9535129E1ACFC29B00B0B2C9 /* Frameworks */ = {
			isa = PBXFrameworksBuildPhase;
			buildActionMask = 2147483647;
			files = (
				958C8E311ACFEA88002EC76B /* FBSDKLoginKit.framework in Frameworks */,
				958C8E301ACFEA88002EC76B /* FBSDKCoreKit.framework in Frameworks */,
				958C8E321ACFEA88002EC76B /* FBSDKShareKit.framework in Frameworks */,
				958C8E341ACFEA9B002EC76B /* Bolts.framework in Frameworks */,
				FA9DBD881ACFEBDF00806A2C /* AudioToolbox.framework in Frameworks */,
				FA9DBD891ACFEBDF00806A2C /* CFNetwork.framework in Frameworks */,
				959856F01AD0780D00E1FE11 /* Parse.framework in Frameworks */,
				FA9DBD8A1ACFEBDF00806A2C /* CoreGraphics.framework in Frameworks */,
				FA9DBD8B1ACFEBDF00806A2C /* CoreLocation.framework in Frameworks */,
				FA9DBD8C1ACFEBDF00806A2C /* libsqlite3.dylib in Frameworks */,
				FA9DBD8D1ACFEBDF00806A2C /* libz.dylib in Frameworks */,
				FA9DBD8E1ACFEBDF00806A2C /* MobileCoreServices.framework in Frameworks */,
				959856F41AD0780D00E1FE11 /* ParseUI.framework in Frameworks */,
				FA9DBD8F1ACFEBDF00806A2C /* QuartzCore.framework in Frameworks */,
				FA9DBD901ACFEBDF00806A2C /* Security.framework in Frameworks */,
				959856F21AD0780D00E1FE11 /* ParseFacebookUtils.framework in Frameworks */,
				FA9DBD911ACFEBDF00806A2C /* StoreKit.framework in Frameworks */,
				FA9DBD921ACFEBDF00806A2C /* SystemConfiguration.framework in Frameworks */,
				959856F11AD0780D00E1FE11 /* ParseCrashReporting.framework in Frameworks */,
				959856F31AD0780D00E1FE11 /* ParseFacebookUtilsV4.framework in Frameworks */,
			);
			runOnlyForDeploymentPostprocessing = 0;
		};
		953512B41ACFC29B00B0B2C9 /* Frameworks */ = {
			isa = PBXFrameworksBuildPhase;
			buildActionMask = 2147483647;
			files = (
			);
			runOnlyForDeploymentPostprocessing = 0;
		};
/* End PBXFrameworksBuildPhase section */

/* Begin PBXGroup section */
		7C5D75B71AD10306005F745E /* Animation */ = {
			isa = PBXGroup;
			children = (
				7C5D75B81AD10306005F745E /* ChartAnimator.swift */,
			);
			path = Animation;
			sourceTree = "<group>";
		};
		7C5D75B91AD10306005F745E /* Charts */ = {
			isa = PBXGroup;
			children = (
				7C5D75BA1AD10306005F745E /* BarChartView.swift */,
				7C5D75BB1AD10306005F745E /* BarLineChartViewBase.swift */,
				7C5D75BC1AD10306005F745E /* CandleStickChartView.swift */,
				7C5D75BD1AD10306005F745E /* ChartViewBase.swift */,
				7C5D75BE1AD10306005F745E /* CombinedChartView.swift */,
				7C5D75BF1AD10306005F745E /* HorizontalBarChartView.swift */,
				7C5D75C01AD10306005F745E /* LineChartView.swift */,
				7C5D75C11AD10306005F745E /* PieChartView.swift */,
				7C5D75C21AD10306005F745E /* PieRadarChartViewBase.swift */,
				7C5D75C31AD10306005F745E /* RadarChartView.swift */,
				7C5D75C41AD10306005F745E /* ScatterChartView.swift */,
			);
			path = Charts;
			sourceTree = "<group>";
		};
		7C5D75C51AD10306005F745E /* Components */ = {
			isa = PBXGroup;
			children = (
				7C5D75C61AD10306005F745E /* ChartAxisBase.swift */,
				7C5D75C71AD10306005F745E /* ChartComponentBase.swift */,
				7C5D75C81AD10306005F745E /* ChartLegend.swift */,
				7C5D75C91AD10306005F745E /* ChartLimitLine.swift */,
				7C5D75CA1AD10306005F745E /* ChartMarker.swift */,
				7C5D75CB1AD10306005F745E /* ChartXAxis.swift */,
				7C5D75CC1AD10306005F745E /* ChartYAxis.swift */,
			);
			path = Components;
			sourceTree = "<group>";
		};
		7C5D75CD1AD10306005F745E /* Data */ = {
			isa = PBXGroup;
			children = (
				7C5D75CE1AD10306005F745E /* BarChartData.swift */,
				7C5D75CF1AD10306005F745E /* BarChartDataEntry.swift */,
				7C5D75D01AD10306005F745E /* BarChartDataSet.swift */,
				7C5D75D11AD10306005F745E /* BarLineScatterCandleChartData.swift */,
				7C5D75D21AD10306005F745E /* BarLineScatterCandleChartDataSet.swift */,
				7C5D75D31AD10306005F745E /* CandleChartData.swift */,
				7C5D75D41AD10306005F745E /* CandleChartDataEntry.swift */,
				7C5D75D51AD10306005F745E /* CandleChartDataSet.swift */,
				7C5D75D61AD10306005F745E /* ChartData.swift */,
				7C5D75D71AD10306005F745E /* ChartDataEntry.swift */,
				7C5D75D81AD10306005F745E /* ChartDataSet.swift */,
				7C5D75D91AD10306005F745E /* CombinedChartData.swift */,
				7C5D75DA1AD10306005F745E /* LineChartData.swift */,
				7C5D75DB1AD10306005F745E /* LineChartDataSet.swift */,
				7C5D75DC1AD10306005F745E /* LineRadarChartDataSet.swift */,
				7C5D75DD1AD10306005F745E /* PieChartData.swift */,
				7C5D75DE1AD10306005F745E /* PieChartDataSet.swift */,
				7C5D75DF1AD10306005F745E /* RadarChartData.swift */,
				7C5D75E01AD10306005F745E /* RadarChartDataSet.swift */,
				7C5D75E11AD10306005F745E /* ScatterChartData.swift */,
				7C5D75E21AD10306005F745E /* ScatterChartDataSet.swift */,
			);
			path = Data;
			sourceTree = "<group>";
		};
		7C5D75E31AD10306005F745E /* Filters */ = {
			isa = PBXGroup;
			children = (
				7C5D75E41AD10306005F745E /* ChartDataApproximatorFilter.swift */,
				7C5D75E51AD10306005F745E /* ChartDataBaseFilter.swift */,
			);
			path = Filters;
			sourceTree = "<group>";
		};
		7C5D75E61AD10306005F745E /* Renderers */ = {
			isa = PBXGroup;
			children = (
				7C5D75E71AD10306005F745E /* BarChartRenderer.swift */,
				7C5D75E81AD10306005F745E /* CandleStickChartRenderer.swift */,
				7C5D75E91AD10306005F745E /* ChartAxisRendererBase.swift */,
				7C5D75EA1AD10306005F745E /* ChartDataRendererBase.swift */,
				7C5D75EB1AD10306005F745E /* ChartLegendRenderer.swift */,
				7C5D75EC1AD10306005F745E /* ChartRendererBase.swift */,
				7C5D75ED1AD10306005F745E /* ChartXAxisRenderer.swift */,
				7C5D75EE1AD10306005F745E /* ChartXAxisRendererBarChart.swift */,
				7C5D75EF1AD10306005F745E /* ChartXAxisRendererHorizontalBarChart.swift */,
				7C5D75F01AD10306005F745E /* ChartXAxisRendererRadarChart.swift */,
				7C5D75F11AD10306005F745E /* ChartYAxisRenderer.swift */,
				7C5D75F21AD10306005F745E /* ChartYAxisRendererHorizontalBarChart.swift */,
				7C5D75F31AD10306005F745E /* ChartYAxisRendererRadarChart.swift */,
				7C5D75F41AD10306005F745E /* CombinedChartRenderer.swift */,
				7C5D75F51AD10306005F745E /* HorizontalBarChartRenderer.swift */,
				7C5D75F61AD10306005F745E /* LineChartRenderer.swift */,
				7C5D75F71AD10306005F745E /* PieChartRenderer.swift */,
				7C5D75F81AD10306005F745E /* RadarChartRenderer.swift */,
				7C5D75F91AD10306005F745E /* ScatterChartRenderer.swift */,
			);
			path = Renderers;
			sourceTree = "<group>";
		};
		7C5D75FA1AD10306005F745E /* Utils */ = {
			isa = PBXGroup;
			children = (
				7C5D75FB1AD10306005F745E /* ChartAnimationUtils.swift */,
				7C5D75FC1AD10306005F745E /* ChartColorTemplates.swift */,
				7C5D75FD1AD10306005F745E /* ChartFillFormatter.swift */,
				7C5D75FE1AD10306005F745E /* ChartHighlight.swift */,
				7C5D75FF1AD10306005F745E /* ChartSelInfo.swift */,
				7C5D76001AD10306005F745E /* ChartTransformer.swift */,
				7C5D76011AD10306005F745E /* ChartTransformerHorizontalBarChart.swift */,
				7C5D76021AD10306005F745E /* ChartUtils.swift */,
				7C5D76031AD10306005F745E /* ChartViewPortHandler.swift */,
			);
			path = Utils;
			sourceTree = "<group>";
		};
		953512981ACFC29B00B0B2C9 = {
			isa = PBXGroup;
			children = (
				953512A31ACFC29B00B0B2C9 /* flow */,
				953512BA1ACFC29B00B0B2C9 /* flowTests */,
				953512A21ACFC29B00B0B2C9 /* Products */,
				7CE3F46A1ACFDC7F008A3AA3 /* flow-Bridging-Header.h */,
			);
			sourceTree = "<group>";
		};
		953512A21ACFC29B00B0B2C9 /* Products */ = {
			isa = PBXGroup;
			children = (
				953512A11ACFC29B00B0B2C9 /* flow.app */,
				953512B71ACFC29B00B0B2C9 /* flowTests.xctest */,
			);
			name = Products;
			sourceTree = "<group>";
		};
		953512A31ACFC29B00B0B2C9 /* flow */ = {
			isa = PBXGroup;
			children = (
				958C8E2C1ACFEA88002EC76B /* Frameworks */,
				953512AB1ACFC29B00B0B2C9 /* flow.xcdatamodeld */,
				955B18B21ACFC2D400D0D8EA /* Views */,
				955B18B11ACFC2C900D0D8EA /* Classes */,
				953512AE1ACFC29B00B0B2C9 /* Images.xcassets */,
				953512A41ACFC29B00B0B2C9 /* Supporting Files */,
				959856F51AD0B4AC00E1FE11 /* Resources */,
			);
			path = flow;
			sourceTree = "<group>";
		};
		953512A41ACFC29B00B0B2C9 /* Supporting Files */ = {
			isa = PBXGroup;
			children = (
				95F82A111ACFCD0900DC5864 /* Info.plist */,
				95F82A121ACFCD0900DC5864 /* main.m */,
			);
			name = "Supporting Files";
			sourceTree = "<group>";
		};
		953512BA1ACFC29B00B0B2C9 /* flowTests */ = {
			isa = PBXGroup;
			children = (
				953512BD1ACFC29C00B0B2C9 /* flowTests.m */,
				953512BB1ACFC29C00B0B2C9 /* Supporting Files */,
			);
			path = flowTests;
			sourceTree = "<group>";
		};
		953512BB1ACFC29C00B0B2C9 /* Supporting Files */ = {
			isa = PBXGroup;
			children = (
				953512BC1ACFC29C00B0B2C9 /* Info.plist */,
			);
			name = "Supporting Files";
			sourceTree = "<group>";
		};
		955B18B11ACFC2C900D0D8EA /* Classes */ = {
			isa = PBXGroup;
			children = (
				7C5D75B71AD10306005F745E /* Animation */,
				7C5D75B91AD10306005F745E /* Charts */,
				7C5D75C51AD10306005F745E /* Components */,
				7C5D75CD1AD10306005F745E /* Data */,
				7C5D75E31AD10306005F745E /* Filters */,
				7C5D75E61AD10306005F745E /* Renderers */,
				7C5D75FA1AD10306005F745E /* Utils */,
				955B18B41ACFC31D00D0D8EA /* AppDelegate.h */,
				955B18B51ACFC31D00D0D8EA /* AppDelegate.m */,
				959856E71AD0777200E1FE11 /* Model */,
				959856E81AD0779700E1FE11 /* Utils */,
				959856E91AD077B400E1FE11 /* SetupVC */,
				959856EA1AD077DB00E1FE11 /* MainVC */,
			);
			name = Classes;
			sourceTree = "<group>";
		};
		955B18B21ACFC2D400D0D8EA /* Views */ = {
			isa = PBXGroup;
			children = (
				7C4E9D911ACFF73C005D5258 /* Main.storyboard */,
				953512B01ACFC29B00B0B2C9 /* LaunchScreen.xib */,
				956D046A1ACFC540009BC09C /* Setup.storyboard */,
			);
			name = Views;
			sourceTree = "<group>";
		};
		958C8E2C1ACFEA88002EC76B /* Frameworks */ = {
			isa = PBXGroup;
			children = (
				FA9DBD7D1ACFEBDF00806A2C /* AudioToolbox.framework */,
				FA9DBD801ACFEBDF00806A2C /* CoreLocation.framework */,
				FA9DBD811ACFEBDF00806A2C /* libsqlite3.dylib */,
				FA9DBD821ACFEBDF00806A2C /* libz.dylib */,
				FA9DBD831ACFEBDF00806A2C /* MobileCoreServices.framework */,
				FA9DBD841ACFEBDF00806A2C /* QuartzCore.framework */,
				FA9DBD851ACFEBDF00806A2C /* Security.framework */,
				FA9DBD861ACFEBDF00806A2C /* StoreKit.framework */,
				959856EB1AD0780D00E1FE11 /* Parse.framework */,
				959856EC1AD0780D00E1FE11 /* ParseCrashReporting.framework */,
				959856ED1AD0780D00E1FE11 /* ParseFacebookUtils.framework */,
				959856EE1AD0780D00E1FE11 /* ParseFacebookUtilsV4.framework */,
				959856EF1AD0780D00E1FE11 /* ParseUI.framework */,
				FA9DBD7E1ACFEBDF00806A2C /* CFNetwork.framework */,
				FA9DBD7F1ACFEBDF00806A2C /* CoreGraphics.framework */,
				FA9DBD871ACFEBDF00806A2C /* SystemConfiguration.framework */,
				958C8E331ACFEA9B002EC76B /* Bolts.framework */,
				958C8E2D1ACFEA88002EC76B /* FBSDKCoreKit.framework */,
				958C8E2E1ACFEA88002EC76B /* FBSDKLoginKit.framework */,
				958C8E2F1ACFEA88002EC76B /* FBSDKShareKit.framework */,
			);
			path = Frameworks;
			sourceTree = "<group>";
		};
		959856E71AD0777200E1FE11 /* Model */ = {
			isa = PBXGroup;
			children = (
				959856E21AD0776800E1FE11 /* APRState.swift */,
				959856E31AD0776800E1FE11 /* APRUser.swift */,
			);
			name = Model;
			sourceTree = "<group>";
		};
		959856E81AD0779700E1FE11 /* Utils */ = {
			isa = PBXGroup;
			children = (
				959856E11AD0776800E1FE11 /* APRParseManager.swift */,
			);
			name = Utils;
			sourceTree = "<group>";
		};
		959856E91AD077B400E1FE11 /* SetupVC */ = {
			isa = PBXGroup;
			children = (
				95F829FC1ACFC92500DC5864 /* APRLoginViewController.h */,
				95F829FD1ACFC92500DC5864 /* APRLoginViewController.m */,
			);
			name = SetupVC;
			sourceTree = "<group>";
		};
		959856EA1AD077DB00E1FE11 /* MainVC */ = {
			isa = PBXGroup;
			children = (
				7CE3F46B1ACFDC7F008A3AA3 /* APRMainViewController.swift */,
			);
			name = MainVC;
			sourceTree = "<group>";
		};
		959856F51AD0B4AC00E1FE11 /* Resources */ = {
			isa = PBXGroup;
			children = (
				959856F61AD0B4AC00E1FE11 /* Fonts */,
				959857011AD0B4AC00E1FE11 /* Images */,
			);
			path = Resources;
			sourceTree = "<group>";
		};
		959856F61AD0B4AC00E1FE11 /* Fonts */ = {
			isa = PBXGroup;
			children = (
				959856F71AD0B4AC00E1FE11 /* Amazing Grotesk */,
			);
			path = Fonts;
			sourceTree = "<group>";
		};
		959856F71AD0B4AC00E1FE11 /* Amazing Grotesk */ = {
			isa = PBXGroup;
			children = (
				959856F81AD0B4AC00E1FE11 /* Amazing Grotesk Book Italic.otf */,
				959856F91AD0B4AC00E1FE11 /* Amazing Grotesk Book.otf */,
				959856FA1AD0B4AC00E1FE11 /* Amazing Grotesk Demi Italic.otf */,
				959856FB1AD0B4AC00E1FE11 /* Amazing Grotesk Demi.otf */,
				959856FC1AD0B4AC00E1FE11 /* Amazing Grotesk Light Italic.otf */,
				959856FD1AD0B4AC00E1FE11 /* Amazing Grotesk Light.otf */,
				959856FE1AD0B4AC00E1FE11 /* Amazing Grotesk Ultra Italic.otf */,
				959856FF1AD0B4AC00E1FE11 /* Amazing Grotesk Ultra.otf */,
				959857001AD0B4AC00E1FE11 /* license.pdf */,
			);
			path = "Amazing Grotesk";
			sourceTree = "<group>";
		};
		959857011AD0B4AC00E1FE11 /* Images */ = {
			isa = PBXGroup;
			children = (
				959857021AD0B4AC00E1FE11 /* Backgrounds */,
				959857051AD0B4AC00E1FE11 /* Buttons */,
				9598570B1AD0B4AC00E1FE11 /* Icons */,
				9598570C1AD0B4AC00E1FE11 /* Logos */,
			);
			path = Images;
			sourceTree = "<group>";
		};
		959857021AD0B4AC00E1FE11 /* Backgrounds */ = {
			isa = PBXGroup;
			children = (
				959857031AD0B4AC00E1FE11 /* tweed.png */,
				959857041AD0B4AC00E1FE11 /* tweed_@2X.png */,
			);
			path = Backgrounds;
			sourceTree = "<group>";
		};
		959857051AD0B4AC00E1FE11 /* Buttons */ = {
			isa = PBXGroup;
			children = (
				959857061AD0B4AC00E1FE11 /* Facebook Login Button.idraw */,
				959857071AD0B4AC00E1FE11 /* FBLogin (Pressed).png */,
				959857081AD0B4AC00E1FE11 /* FBLogin.png */,
				959857091AD0B4AC00E1FE11 /* Start Button.idraw */,
				9598570A1AD0B4AC00E1FE11 /* Start.png */,
			);
			path = Buttons;
			sourceTree = "<group>";
		};
		9598570B1AD0B4AC00E1FE11 /* Icons */ = {
			isa = PBXGroup;
			children = (
			);
			path = Icons;
			sourceTree = "<group>";
		};
		9598570C1AD0B4AC00E1FE11 /* Logos */ = {
			isa = PBXGroup;
			children = (
				9598570D1AD0B4AC00E1FE11 /* Flow Circle.idraw */,
				9598570E1AD0B4AC00E1FE11 /* Flow Circle.png */,
			);
			path = Logos;
			sourceTree = "<group>";
		};
/* End PBXGroup section */

/* Begin PBXNativeTarget section */
		953512A01ACFC29B00B0B2C9 /* flow */ = {
			isa = PBXNativeTarget;
			buildConfigurationList = 953512C11ACFC29C00B0B2C9 /* Build configuration list for PBXNativeTarget "flow" */;
			buildPhases = (
				9535129D1ACFC29B00B0B2C9 /* Sources */,
				9535129E1ACFC29B00B0B2C9 /* Frameworks */,
				9535129F1ACFC29B00B0B2C9 /* Resources */,
			);
			buildRules = (
			);
			dependencies = (
			);
			name = flow;
			productName = flow;
			productReference = 953512A11ACFC29B00B0B2C9 /* flow.app */;
			productType = "com.apple.product-type.application";
		};
		953512B61ACFC29B00B0B2C9 /* flowTests */ = {
			isa = PBXNativeTarget;
			buildConfigurationList = 953512C41ACFC29C00B0B2C9 /* Build configuration list for PBXNativeTarget "flowTests" */;
			buildPhases = (
				953512B31ACFC29B00B0B2C9 /* Sources */,
				953512B41ACFC29B00B0B2C9 /* Frameworks */,
				953512B51ACFC29B00B0B2C9 /* Resources */,
			);
			buildRules = (
			);
			dependencies = (
				953512B91ACFC29B00B0B2C9 /* PBXTargetDependency */,
			);
			name = flowTests;
			productName = flowTests;
			productReference = 953512B71ACFC29B00B0B2C9 /* flowTests.xctest */;
			productType = "com.apple.product-type.bundle.unit-test";
		};
/* End PBXNativeTarget section */

/* Begin PBXProject section */
		953512991ACFC29B00B0B2C9 /* Project object */ = {
			isa = PBXProject;
			attributes = {
				LastUpgradeCheck = 0620;
				ORGANIZATIONNAME = AprilStudios;
				TargetAttributes = {
					953512A01ACFC29B00B0B2C9 = {
						CreatedOnToolsVersion = 6.2;
						DevelopmentTeam = P25BA56T67;
					};
					953512B61ACFC29B00B0B2C9 = {
						CreatedOnToolsVersion = 6.2;
						TestTargetID = 953512A01ACFC29B00B0B2C9;
					};
				};
			};
			buildConfigurationList = 9535129C1ACFC29B00B0B2C9 /* Build configuration list for PBXProject "flow" */;
			compatibilityVersion = "Xcode 3.2";
			developmentRegion = English;
			hasScannedForEncodings = 0;
			knownRegions = (
				en,
				Base,
			);
			mainGroup = 953512981ACFC29B00B0B2C9;
			productRefGroup = 953512A21ACFC29B00B0B2C9 /* Products */;
			projectDirPath = "";
			projectRoot = "";
			targets = (
				953512A01ACFC29B00B0B2C9 /* flow */,
				953512B61ACFC29B00B0B2C9 /* flowTests */,
			);
		};
/* End PBXProject section */

/* Begin PBXResourcesBuildPhase section */
		9535129F1ACFC29B00B0B2C9 /* Resources */ = {
			isa = PBXResourcesBuildPhase;
			buildActionMask = 2147483647;
			files = (
				959857211AD0CF2500E1FE11 /* Main.storyboard in Resources */,
				959857221AD0CF2500E1FE11 /* LaunchScreen.xib in Resources */,
				959857231AD0CF2500E1FE11 /* Setup.storyboard in Resources */,
				959857111AD0B4AC00E1FE11 /* Amazing Grotesk Demi Italic.otf in Resources */,
				9598571E1AD0B4AC00E1FE11 /* Start.png in Resources */,
				959857191AD0B4AC00E1FE11 /* tweed_@2X.png in Resources */,
				959857151AD0B4AC00E1FE11 /* Amazing Grotesk Ultra Italic.otf in Resources */,
				9598570F1AD0B4AC00E1FE11 /* Amazing Grotesk Book Italic.otf in Resources */,
				959857171AD0B4AC00E1FE11 /* license.pdf in Resources */,
				959857101AD0B4AC00E1FE11 /* Amazing Grotesk Book.otf in Resources */,
				9598571F1AD0B4AC00E1FE11 /* Flow Circle.idraw in Resources */,
				959857201AD0B4AC00E1FE11 /* Flow Circle.png in Resources */,
				959857141AD0B4AC00E1FE11 /* Amazing Grotesk Light.otf in Resources */,
				9598571D1AD0B4AC00E1FE11 /* Start Button.idraw in Resources */,
				953512AF1ACFC29B00B0B2C9 /* Images.xcassets in Resources */,
				959857121AD0B4AC00E1FE11 /* Amazing Grotesk Demi.otf in Resources */,
				9598571A1AD0B4AC00E1FE11 /* Facebook Login Button.idraw in Resources */,
				9598571C1AD0B4AC00E1FE11 /* FBLogin.png in Resources */,
				959857181AD0B4AC00E1FE11 /* tweed.png in Resources */,
				9598571B1AD0B4AC00E1FE11 /* FBLogin (Pressed).png in Resources */,
				959857161AD0B4AC00E1FE11 /* Amazing Grotesk Ultra.otf in Resources */,
				959857131AD0B4AC00E1FE11 /* Amazing Grotesk Light Italic.otf in Resources */,
			);
			runOnlyForDeploymentPostprocessing = 0;
		};
		953512B51ACFC29B00B0B2C9 /* Resources */ = {
			isa = PBXResourcesBuildPhase;
			buildActionMask = 2147483647;
			files = (
			);
			runOnlyForDeploymentPostprocessing = 0;
		};
/* End PBXResourcesBuildPhase section */

/* Begin PBXSourcesBuildPhase section */
		9535129D1ACFC29B00B0B2C9 /* Sources */ = {
			isa = PBXSourcesBuildPhase;
			buildActionMask = 2147483647;
			files = (
				7C5D76421AD10306005F745E /* ChartColorTemplates.swift in Sources */,
				7C5D763B1AD10306005F745E /* CombinedChartRenderer.swift in Sources */,
				953512AD1ACFC29B00B0B2C9 /* flow.xcdatamodeld in Sources */,
				7C5D76381AD10306005F745E /* ChartYAxisRenderer.swift in Sources */,
				959856E41AD0776800E1FE11 /* APRParseManager.swift in Sources */,
				7C5D76081AD10306005F745E /* ChartViewBase.swift in Sources */,
				7C5D76221AD10306005F745E /* CombinedChartData.swift in Sources */,
				7C5D76351AD10306005F745E /* ChartXAxisRendererBarChart.swift in Sources */,
				7C5D763A1AD10306005F745E /* ChartYAxisRendererRadarChart.swift in Sources */,
				7C5D760B1AD10306005F745E /* LineChartView.swift in Sources */,
				7C5D76441AD10306005F745E /* ChartHighlight.swift in Sources */,
				7C5D76301AD10306005F745E /* ChartAxisRendererBase.swift in Sources */,
				7C5D760D1AD10306005F745E /* PieRadarChartViewBase.swift in Sources */,
				7C5D76101AD10306005F745E /* ChartAxisBase.swift in Sources */,
				7C5D76461AD10306005F745E /* ChartTransformer.swift in Sources */,
				95F829FE1ACFC92500DC5864 /* APRLoginViewController.m in Sources */,
				7C5D76061AD10306005F745E /* BarLineChartViewBase.swift in Sources */,
				7C5D762D1AD10306005F745E /* ChartDataBaseFilter.swift in Sources */,
				7C5D760E1AD10306005F745E /* RadarChartView.swift in Sources */,
				7C5D76041AD10306005F745E /* ChartAnimator.swift in Sources */,
				7C5D76091AD10306005F745E /* CombinedChartView.swift in Sources */,
				7C5D76181AD10306005F745E /* BarChartDataEntry.swift in Sources */,
				7C5D763D1AD10306005F745E /* LineChartRenderer.swift in Sources */,
				7C5D76321AD10306005F745E /* ChartLegendRenderer.swift in Sources */,
				95F82A141ACFCD0900DC5864 /* main.m in Sources */,
				7C5D76271AD10306005F745E /* PieChartDataSet.swift in Sources */,
				7CE3F46C1ACFDC7F008A3AA3 /* APRMainViewController.swift in Sources */,
				7C5D76261AD10306005F745E /* PieChartData.swift in Sources */,
				7C5D761A1AD10306005F745E /* BarLineScatterCandleChartData.swift in Sources */,
				7C5D761C1AD10306005F745E /* CandleChartData.swift in Sources */,
				7C5D76071AD10306005F745E /* CandleStickChartView.swift in Sources */,
				7C5D760A1AD10306005F745E /* HorizontalBarChartView.swift in Sources */,
				7C5D76451AD10306005F745E /* ChartSelInfo.swift in Sources */,
				7C5D76411AD10306005F745E /* ChartAnimationUtils.swift in Sources */,
				7C5D761D1AD10306005F745E /* CandleChartDataEntry.swift in Sources */,
				7C5D76211AD10306005F745E /* ChartDataSet.swift in Sources */,
				959856E51AD0776800E1FE11 /* APRState.swift in Sources */,
				7C5D76311AD10306005F745E /* ChartDataRendererBase.swift in Sources */,
				7C5D76251AD10306005F745E /* LineRadarChartDataSet.swift in Sources */,
				7C5D763C1AD10306005F745E /* HorizontalBarChartRenderer.swift in Sources */,
				7C5D76131AD10306005F745E /* ChartLimitLine.swift in Sources */,
				7C5D761B1AD10306005F745E /* BarLineScatterCandleChartDataSet.swift in Sources */,
				7C5D762A1AD10306005F745E /* ScatterChartData.swift in Sources */,
				7C5D763F1AD10306005F745E /* RadarChartRenderer.swift in Sources */,
				7C5D761F1AD10306005F745E /* ChartData.swift in Sources */,
				7C5D76291AD10306005F745E /* RadarChartDataSet.swift in Sources */,
				7C5D760C1AD10306005F745E /* PieChartView.swift in Sources */,
				7C5D76341AD10306005F745E /* ChartXAxisRenderer.swift in Sources */,
				7C5D76231AD10306005F745E /* LineChartData.swift in Sources */,
				7C5D76171AD10306005F745E /* BarChartData.swift in Sources */,
				7C5D76371AD10306005F745E /* ChartXAxisRendererRadarChart.swift in Sources */,
				7C5D761E1AD10306005F745E /* CandleChartDataSet.swift in Sources */,
				7C5D76361AD10306005F745E /* ChartXAxisRendererHorizontalBarChart.swift in Sources */,
				7C5D762F1AD10306005F745E /* CandleStickChartRenderer.swift in Sources */,
				7C5D762B1AD10306005F745E /* ScatterChartDataSet.swift in Sources */,
				7C5D760F1AD10306005F745E /* ScatterChartView.swift in Sources */,
				7C5D76121AD10306005F745E /* ChartLegend.swift in Sources */,
				7C5D76481AD10306005F745E /* ChartUtils.swift in Sources */,
				7C5D76471AD10306005F745E /* ChartTransformerHorizontalBarChart.swift in Sources */,
				7C5D76241AD10306005F745E /* LineChartDataSet.swift in Sources */,
				7C5D76051AD10306005F745E /* BarChartView.swift in Sources */,
				7C5D76431AD10306005F745E /* ChartFillFormatter.swift in Sources */,
				7C5D76141AD10306005F745E /* ChartMarker.swift in Sources */,
				7C5D76201AD10306005F745E /* ChartDataEntry.swift in Sources */,
				7C5D76401AD10306005F745E /* ScatterChartRenderer.swift in Sources */,
				7C5D76331AD10306005F745E /* ChartRendererBase.swift in Sources */,
				7C5D76161AD10306005F745E /* ChartYAxis.swift in Sources */,
				7C5D76281AD10306005F745E /* RadarChartData.swift in Sources */,
				7C5D762C1AD10306005F745E /* ChartDataApproximatorFilter.swift in Sources */,
				7C5D76491AD10306005F745E /* ChartViewPortHandler.swift in Sources */,
				959856E61AD0776800E1FE11 /* APRUser.swift in Sources */,
				7C5D763E1AD10306005F745E /* PieChartRenderer.swift in Sources */,
				955B18B61ACFC31D00D0D8EA /* AppDelegate.m in Sources */,
				7C5D76391AD10306005F745E /* ChartYAxisRendererHorizontalBarChart.swift in Sources */,
				7C5D76191AD10306005F745E /* BarChartDataSet.swift in Sources */,
				7C5D76151AD10306005F745E /* ChartXAxis.swift in Sources */,
				7C5D762E1AD10306005F745E /* BarChartRenderer.swift in Sources */,
				7C5D76111AD10306005F745E /* ChartComponentBase.swift in Sources */,
			);
			runOnlyForDeploymentPostprocessing = 0;
		};
		953512B31ACFC29B00B0B2C9 /* Sources */ = {
			isa = PBXSourcesBuildPhase;
			buildActionMask = 2147483647;
			files = (
				953512BE1ACFC29C00B0B2C9 /* flowTests.m in Sources */,
			);
			runOnlyForDeploymentPostprocessing = 0;
		};
/* End PBXSourcesBuildPhase section */

/* Begin PBXTargetDependency section */
		953512B91ACFC29B00B0B2C9 /* PBXTargetDependency */ = {
			isa = PBXTargetDependency;
			target = 953512A01ACFC29B00B0B2C9 /* flow */;
			targetProxy = 953512B81ACFC29B00B0B2C9 /* PBXContainerItemProxy */;
		};
/* End PBXTargetDependency section */

/* Begin PBXVariantGroup section */
		7C4E9D911ACFF73C005D5258 /* Main.storyboard */ = {
			isa = PBXVariantGroup;
			children = (
				7C4E9D921ACFF73C005D5258 /* Base */,
			);
			name = Main.storyboard;
			path = ..;
			sourceTree = "<group>";
		};
		953512B01ACFC29B00B0B2C9 /* LaunchScreen.xib */ = {
			isa = PBXVariantGroup;
			children = (
				953512B11ACFC29B00B0B2C9 /* Base */,
			);
			name = LaunchScreen.xib;
			sourceTree = "<group>";
		};
		956D046A1ACFC540009BC09C /* Setup.storyboard */ = {
			isa = PBXVariantGroup;
			children = (
				956D046B1ACFC540009BC09C /* Base */,
			);
			name = Setup.storyboard;
			sourceTree = "<group>";
		};
/* End PBXVariantGroup section */

/* Begin XCBuildConfiguration section */
		953512BF1ACFC29C00B0B2C9 /* Debug */ = {
			isa = XCBuildConfiguration;
			buildSettings = {
				ALWAYS_SEARCH_USER_PATHS = NO;
				CLANG_CXX_LANGUAGE_STANDARD = "gnu++0x";
				CLANG_CXX_LIBRARY = "libc++";
				CLANG_ENABLE_MODULES = YES;
				CLANG_ENABLE_OBJC_ARC = YES;
				CLANG_WARN_BOOL_CONVERSION = YES;
				CLANG_WARN_CONSTANT_CONVERSION = YES;
				CLANG_WARN_DIRECT_OBJC_ISA_USAGE = YES_ERROR;
				CLANG_WARN_EMPTY_BODY = YES;
				CLANG_WARN_ENUM_CONVERSION = YES;
				CLANG_WARN_INT_CONVERSION = YES;
				CLANG_WARN_OBJC_ROOT_CLASS = YES_ERROR;
				CLANG_WARN_UNREACHABLE_CODE = YES;
				CLANG_WARN__DUPLICATE_METHOD_MATCH = YES;
				"CODE_SIGN_IDENTITY[sdk=iphoneos*]" = "iPhone Developer";
				COPY_PHASE_STRIP = NO;
				DEFINES_MODULE = YES;
				ENABLE_STRICT_OBJC_MSGSEND = YES;
				GCC_C_LANGUAGE_STANDARD = gnu99;
				GCC_DYNAMIC_NO_PIC = NO;
				GCC_OPTIMIZATION_LEVEL = 0;
				GCC_PREPROCESSOR_DEFINITIONS = (
					"DEBUG=1",
					"$(inherited)",
				);
				GCC_SYMBOLS_PRIVATE_EXTERN = NO;
				GCC_WARN_64_TO_32_BIT_CONVERSION = YES;
				GCC_WARN_ABOUT_RETURN_TYPE = YES_ERROR;
				GCC_WARN_UNDECLARED_SELECTOR = YES;
				GCC_WARN_UNINITIALIZED_AUTOS = YES_AGGRESSIVE;
				GCC_WARN_UNUSED_FUNCTION = YES;
				GCC_WARN_UNUSED_VARIABLE = YES;
				IPHONEOS_DEPLOYMENT_TARGET = 8.2;
				MTL_ENABLE_DEBUG_INFO = YES;
				ONLY_ACTIVE_ARCH = YES;
				SDKROOT = iphoneos;
			};
			name = Debug;
		};
		953512C01ACFC29C00B0B2C9 /* Release */ = {
			isa = XCBuildConfiguration;
			buildSettings = {
				ALWAYS_SEARCH_USER_PATHS = NO;
				CLANG_CXX_LANGUAGE_STANDARD = "gnu++0x";
				CLANG_CXX_LIBRARY = "libc++";
				CLANG_ENABLE_MODULES = YES;
				CLANG_ENABLE_OBJC_ARC = YES;
				CLANG_WARN_BOOL_CONVERSION = YES;
				CLANG_WARN_CONSTANT_CONVERSION = YES;
				CLANG_WARN_DIRECT_OBJC_ISA_USAGE = YES_ERROR;
				CLANG_WARN_EMPTY_BODY = YES;
				CLANG_WARN_ENUM_CONVERSION = YES;
				CLANG_WARN_INT_CONVERSION = YES;
				CLANG_WARN_OBJC_ROOT_CLASS = YES_ERROR;
				CLANG_WARN_UNREACHABLE_CODE = YES;
				CLANG_WARN__DUPLICATE_METHOD_MATCH = YES;
				"CODE_SIGN_IDENTITY[sdk=iphoneos*]" = "iPhone Developer";
				COPY_PHASE_STRIP = NO;
				DEFINES_MODULE = YES;
				ENABLE_NS_ASSERTIONS = NO;
				ENABLE_STRICT_OBJC_MSGSEND = YES;
				GCC_C_LANGUAGE_STANDARD = gnu99;
				GCC_WARN_64_TO_32_BIT_CONVERSION = YES;
				GCC_WARN_ABOUT_RETURN_TYPE = YES_ERROR;
				GCC_WARN_UNDECLARED_SELECTOR = YES;
				GCC_WARN_UNINITIALIZED_AUTOS = YES_AGGRESSIVE;
				GCC_WARN_UNUSED_FUNCTION = YES;
				GCC_WARN_UNUSED_VARIABLE = YES;
				IPHONEOS_DEPLOYMENT_TARGET = 8.2;
				MTL_ENABLE_DEBUG_INFO = NO;
				SDKROOT = iphoneos;
				VALIDATE_PRODUCT = YES;
			};
			name = Release;
		};
		953512C21ACFC29C00B0B2C9 /* Debug */ = {
			isa = XCBuildConfiguration;
			buildSettings = {
				ASSETCATALOG_COMPILER_APPICON_NAME = AppIcon;
				CLANG_ALLOW_NON_MODULAR_INCLUDES_IN_FRAMEWORK_MODULES = YES;
				CLANG_ENABLE_MODULES = YES;
				CODE_SIGN_IDENTITY = "iPhone Developer";
				FRAMEWORK_SEARCH_PATHS = (
					"$(inherited)",
					"$(PROJECT_DIR)/flow",
					"$(PROJECT_DIR)/flow/Frameworks",
				);
				INFOPLIST_FILE = flow/Info.plist;
				IPHONEOS_DEPLOYMENT_TARGET = 8.2;
				LD_RUNPATH_SEARCH_PATHS = "$(inherited) @executable_path/Frameworks";
				PRODUCT_NAME = "$(TARGET_NAME)";
				SWIFT_OBJC_BRIDGING_HEADER = "flow-Bridging-Header.h";
				SWIFT_OPTIMIZATION_LEVEL = "-Onone";
			};
			name = Debug;
		};
		953512C31ACFC29C00B0B2C9 /* Release */ = {
			isa = XCBuildConfiguration;
			buildSettings = {
				ASSETCATALOG_COMPILER_APPICON_NAME = AppIcon;
				CLANG_ALLOW_NON_MODULAR_INCLUDES_IN_FRAMEWORK_MODULES = YES;
				CLANG_ENABLE_MODULES = YES;
				CODE_SIGN_IDENTITY = "iPhone Developer";
				FRAMEWORK_SEARCH_PATHS = (
					"$(inherited)",
					"$(PROJECT_DIR)/flow",
					"$(PROJECT_DIR)/flow/Frameworks",
				);
				INFOPLIST_FILE = flow/Info.plist;
				IPHONEOS_DEPLOYMENT_TARGET = 8.2;
				LD_RUNPATH_SEARCH_PATHS = "$(inherited) @executable_path/Frameworks";
				PRODUCT_NAME = "$(TARGET_NAME)";
				SWIFT_OBJC_BRIDGING_HEADER = "flow-Bridging-Header.h";
			};
			name = Release;
		};
		953512C51ACFC29C00B0B2C9 /* Debug */ = {
			isa = XCBuildConfiguration;
			buildSettings = {
				BUNDLE_LOADER = "$(TEST_HOST)";
				FRAMEWORK_SEARCH_PATHS = (
					"$(SDKROOT)/Developer/Library/Frameworks",
					"$(inherited)",
				);
				GCC_PREPROCESSOR_DEFINITIONS = (
					"DEBUG=1",
					"$(inherited)",
				);
				INFOPLIST_FILE = flowTests/Info.plist;
				LD_RUNPATH_SEARCH_PATHS = "$(inherited) @executable_path/Frameworks @loader_path/Frameworks";
				PRODUCT_NAME = "$(TARGET_NAME)";
				TEST_HOST = "$(BUILT_PRODUCTS_DIR)/flow.app/flow";
			};
			name = Debug;
		};
		953512C61ACFC29C00B0B2C9 /* Release */ = {
			isa = XCBuildConfiguration;
			buildSettings = {
				BUNDLE_LOADER = "$(TEST_HOST)";
				FRAMEWORK_SEARCH_PATHS = (
					"$(SDKROOT)/Developer/Library/Frameworks",
					"$(inherited)",
				);
				INFOPLIST_FILE = flowTests/Info.plist;
				LD_RUNPATH_SEARCH_PATHS = "$(inherited) @executable_path/Frameworks @loader_path/Frameworks";
				PRODUCT_NAME = "$(TARGET_NAME)";
				TEST_HOST = "$(BUILT_PRODUCTS_DIR)/flow.app/flow";
			};
			name = Release;
		};
/* End XCBuildConfiguration section */

/* Begin XCConfigurationList section */
		9535129C1ACFC29B00B0B2C9 /* Build configuration list for PBXProject "flow" */ = {
			isa = XCConfigurationList;
			buildConfigurations = (
				953512BF1ACFC29C00B0B2C9 /* Debug */,
				953512C01ACFC29C00B0B2C9 /* Release */,
			);
			defaultConfigurationIsVisible = 0;
			defaultConfigurationName = Release;
		};
		953512C11ACFC29C00B0B2C9 /* Build configuration list for PBXNativeTarget "flow" */ = {
			isa = XCConfigurationList;
			buildConfigurations = (
				953512C21ACFC29C00B0B2C9 /* Debug */,
				953512C31ACFC29C00B0B2C9 /* Release */,
			);
			defaultConfigurationIsVisible = 0;
			defaultConfigurationName = Release;
		};
		953512C41ACFC29C00B0B2C9 /* Build configuration list for PBXNativeTarget "flowTests" */ = {
			isa = XCConfigurationList;
			buildConfigurations = (
				953512C51ACFC29C00B0B2C9 /* Debug */,
				953512C61ACFC29C00B0B2C9 /* Release */,
			);
			defaultConfigurationIsVisible = 0;
			defaultConfigurationName = Release;
		};
/* End XCConfigurationList section */

/* Begin XCVersionGroup section */
		953512AB1ACFC29B00B0B2C9 /* flow.xcdatamodeld */ = {
			isa = XCVersionGroup;
			children = (
				953512AC1ACFC29B00B0B2C9 /* flow.xcdatamodel */,
			);
			currentVersion = 953512AC1ACFC29B00B0B2C9 /* flow.xcdatamodel */;
			path = flow.xcdatamodeld;
			sourceTree = "<group>";
			versionGroupType = wrapper.xcdatamodel;
		};
/* End XCVersionGroup section */
	};
	rootObject = 953512991ACFC29B00B0B2C9 /* Project object */;
}
